{
  "version": 4,
  "terraform_version": "1.8.5",
  "serial": 248,
  "lineage": "74783fab-84ee-0c0c-688e-299c34486b43",
  "outputs": {
    "default_route_table_id": {
      "value": "rtb-0b0d60099234811e5",
      "type": "string"
    },
    "invoke_url_with_vacunas": {
      "value": "arn:aws:execute-api:us-east-1:590184132666:k76gaads1f/vacunas",
      "type": "string"
    }
  },
  "resources": [
    {
      "mode": "data",
      "type": "aws_iam_role",
      "name": "role",
      "provider": "provider[\"registry.terraform.io/hashicorp/aws\"]",
      "instances": [
        {
          "schema_version": 0,
          "attributes": {
            "arn": "arn:aws:iam::590184132666:role/LabRole",
            "assume_role_policy": "{\"Version\":\"2012-10-17\",\"Statement\":[{\"Effect\":\"Allow\",\"Principal\":{\"Service\":[\"resource-groups.amazonaws.com\",\"elasticmapreduce.amazonaws.com\",\"ec2.application-autoscaling.amazonaws.com\",\"robomaker.amazonaws.com\",\"scheduler.amazonaws.com\",\"batch.amazonaws.com\",\"s3.amazonaws.com\",\"states.amazonaws.com\",\"cloudformation.amazonaws.com\",\"firehose.amazonaws.com\",\"elasticbeanstalk.amazonaws.com\",\"ecs.amazonaws.com\",\"apigateway.amazonaws.com\",\"sqs.amazonaws.com\",\"kendra.amazonaws.com\",\"secretsmanager.amazonaws.com\",\"codedeploy.amazonaws.com\",\"kinesis.amazonaws.com\",\"kinesisanalytics.amazonaws.com\",\"redshift.amazonaws.com\",\"glue.amazonaws.com\",\"cognito-idp.amazonaws.com\",\"dynamodb.amazonaws.com\",\"deepracer.amazonaws.com\",\"kms.amazonaws.com\",\"databrew.amazonaws.com\",\"eks-fargate-pods.amazonaws.com\",\"sagemaker.amazonaws.com\",\"ssm.amazonaws.com\",\"storagegateway.amazonaws.com\",\"iot.amazonaws.com\",\"elasticloadbalancing.amazonaws.com\",\"ecs-tasks.amazonaws.com\",\"iotevents.amazonaws.com\",\"sns.amazonaws.com\",\"iotanalytics.amazonaws.com\",\"cloudtrail.amazonaws.com\",\"lambda.amazonaws.com\",\"ec2.amazonaws.com\",\"cloudfront.amazonaws.com\",\"logs.amazonaws.com\",\"personalize.amazonaws.com\",\"application-autoscaling.amazonaws.com\",\"codecommit.amazonaws.com\",\"rekognition.amazonaws.com\",\"events.amazonaws.com\",\"eks.amazonaws.com\",\"elasticfilesystem.amazonaws.com\",\"servicecatalog.amazonaws.com\",\"rds.amazonaws.com\",\"codewhisperer.amazonaws.com\",\"pipes.amazonaws.com\",\"forecast.amazonaws.com\",\"athena.amazonaws.com\",\"credentials.iot.amazonaws.com\",\"datapipeline.amazonaws.com\",\"cloud9.amazonaws.com\",\"lex.amazonaws.com\",\"autoscaling.amazonaws.com\",\"backup.amazonaws.com\"],\"AWS\":\"arn:aws:iam::590184132666:role/LabRole\"},\"Action\":\"sts:AssumeRole\"}]}",
            "create_date": "2024-06-21T21:51:08Z",
            "description": "",
            "id": "LabRole",
            "max_session_duration": 3600,
            "name": "LabRole",
            "path": "/",
            "permissions_boundary": "",
            "role_last_used": [
              {
                "last_used_date": "",
                "region": ""
              }
            ],
            "tags": {
              "cloudlab": "c112592a2670371l6167997t1w590184132666"
            },
            "unique_id": "AROAYS2NXGA5FBYUVLMXH"
          },
          "sensitive_attributes": []
        }
      ]
    },
    {
      "mode": "data",
      "type": "aws_security_group",
      "name": "default",
      "provider": "provider[\"registry.terraform.io/hashicorp/aws\"]",
      "instances": [
        {
          "schema_version": 0,
          "attributes": {
            "arn": "arn:aws:ec2:us-east-1:590184132666:security-group/sg-0a0f384c228cdaedb",
            "description": "default VPC security group",
            "filter": [
              {
                "name": "group-name",
                "values": [
                  "default"
                ]
              }
            ],
            "id": "sg-0a0f384c228cdaedb",
            "name": "default",
            "tags": {},
            "timeouts": null,
            "vpc_id": "vpc-0e268b64c65061a65"
          },
          "sensitive_attributes": []
        }
      ]
    },
    {
      "mode": "data",
      "type": "local_file",
      "name": "script_template",
      "provider": "provider[\"registry.terraform.io/hashicorp/local\"]",
      "instances": [
        {
          "schema_version": 0,
          "attributes": {
            "content": "var API_ENDPOINT = \"${invoke_url}/vacunas\";\n\n// AJAX POST request to save vacuna data\ndocument.getElementById(\"savevacuna\").onclick = function(){\n    var inputData = {\n        \"Vacuna_ID\": $('#Vacuna_ID').val(),\n        \"name\": $('#name').val(),\n        \"Fecha\": $('#Fecha').val(),\n    };\n    $.ajax({\n        url: API_ENDPOINT,\n        type: 'POST',\n        data:  JSON.stringify(inputData),\n        contentType: 'application/json; charset=utf-8',\n        success: function (response) {\n            document.getElementById(\"vacunaSaved\").innerHTML = \"Se salvo la vacuna!\";\n        },\n        error: function () {\n            alert(\"Error saving vacuna data.\");\n        }\n    });\n}\n\n// AJAX GET request to retrieve all vacunas\ndocument.getElementById(\"getvacuna\").onclick = function(){  \n    $.ajax({\n        url: API_ENDPOINT,\n        type: 'GET',\n        contentType: 'application/json; charset=utf-8',\n        success: function (response) {\n            $('#Tabla_Vacunas tr').slice(1).remove();\n            jQuery.each(response, function(i, data) {          \n                $(\"#Tabla_Vacunas\").append(\"\u003ctr\u003e \\\n                    \u003ctd\u003e\" + data['Vacuna_ID'] + \"\u003c/td\u003e \\\n                    \u003ctd\u003e\" + data['name'] + \"\u003c/td\u003e \\\n                    \u003ctd\u003e\" + data['Fecha'] + \"\u003c/td\u003e \\\n                    \u003c/tr\u003e\");\n            });\n        },\n        error: function () {\n            alert(\"Error retrieving vacuna data.\");\n        }\n    });\n}\n",
            "content_base64": "dmFyIEFQSV9FTkRQT0lOVCA9ICIke2ludm9rZV91cmx9L3ZhY3VuYXMiOwoKLy8gQUpBWCBQT1NUIHJlcXVlc3QgdG8gc2F2ZSB2YWN1bmEgZGF0YQpkb2N1bWVudC5nZXRFbGVtZW50QnlJZCgic2F2ZXZhY3VuYSIpLm9uY2xpY2sgPSBmdW5jdGlvbigpewogICAgdmFyIGlucHV0RGF0YSA9IHsKICAgICAgICAiVmFjdW5hX0lEIjogJCgnI1ZhY3VuYV9JRCcpLnZhbCgpLAogICAgICAgICJuYW1lIjogJCgnI25hbWUnKS52YWwoKSwKICAgICAgICAiRmVjaGEiOiAkKCcjRmVjaGEnKS52YWwoKSwKICAgIH07CiAgICAkLmFqYXgoewogICAgICAgIHVybDogQVBJX0VORFBPSU5ULAogICAgICAgIHR5cGU6ICdQT1NUJywKICAgICAgICBkYXRhOiAgSlNPTi5zdHJpbmdpZnkoaW5wdXREYXRhKSwKICAgICAgICBjb250ZW50VHlwZTogJ2FwcGxpY2F0aW9uL2pzb247IGNoYXJzZXQ9dXRmLTgnLAogICAgICAgIHN1Y2Nlc3M6IGZ1bmN0aW9uIChyZXNwb25zZSkgewogICAgICAgICAgICBkb2N1bWVudC5nZXRFbGVtZW50QnlJZCgidmFjdW5hU2F2ZWQiKS5pbm5lckhUTUwgPSAiU2Ugc2Fsdm8gbGEgdmFjdW5hISI7CiAgICAgICAgfSwKICAgICAgICBlcnJvcjogZnVuY3Rpb24gKCkgewogICAgICAgICAgICBhbGVydCgiRXJyb3Igc2F2aW5nIHZhY3VuYSBkYXRhLiIpOwogICAgICAgIH0KICAgIH0pOwp9CgovLyBBSkFYIEdFVCByZXF1ZXN0IHRvIHJldHJpZXZlIGFsbCB2YWN1bmFzCmRvY3VtZW50LmdldEVsZW1lbnRCeUlkKCJnZXR2YWN1bmEiKS5vbmNsaWNrID0gZnVuY3Rpb24oKXsgIAogICAgJC5hamF4KHsKICAgICAgICB1cmw6IEFQSV9FTkRQT0lOVCwKICAgICAgICB0eXBlOiAnR0VUJywKICAgICAgICBjb250ZW50VHlwZTogJ2FwcGxpY2F0aW9uL2pzb247IGNoYXJzZXQ9dXRmLTgnLAogICAgICAgIHN1Y2Nlc3M6IGZ1bmN0aW9uIChyZXNwb25zZSkgewogICAgICAgICAgICAkKCcjVGFibGFfVmFjdW5hcyB0cicpLnNsaWNlKDEpLnJlbW92ZSgpOwogICAgICAgICAgICBqUXVlcnkuZWFjaChyZXNwb25zZSwgZnVuY3Rpb24oaSwgZGF0YSkgeyAgICAgICAgICAKICAgICAgICAgICAgICAgICQoIiNUYWJsYV9WYWN1bmFzIikuYXBwZW5kKCI8dHI+IFwKICAgICAgICAgICAgICAgICAgICA8dGQ+IiArIGRhdGFbJ1ZhY3VuYV9JRCddICsgIjwvdGQ+IFwKICAgICAgICAgICAgICAgICAgICA8dGQ+IiArIGRhdGFbJ25hbWUnXSArICI8L3RkPiBcCiAgICAgICAgICAgICAgICAgICAgPHRkPiIgKyBkYXRhWydGZWNoYSddICsgIjwvdGQ+IFwKICAgICAgICAgICAgICAgICAgICA8L3RyPiIpOwogICAgICAgICAgICB9KTsKICAgICAgICB9LAogICAgICAgIGVycm9yOiBmdW5jdGlvbiAoKSB7CiAgICAgICAgICAgIGFsZXJ0KCJFcnJvciByZXRyaWV2aW5nIHZhY3VuYSBkYXRhLiIpOwogICAgICAgIH0KICAgIH0pOwp9Cg==",
            "content_base64sha256": "miNYejQMqKHz3yRTjbCqs2KUo1sCEVBTRPqpjU0/O5g=",
            "content_base64sha512": "FJDeBZKXjpHWrtENM8T+1wrAXt9yHZtu1r4+CWFIVTVrjBY9fWNz6SKyu3AV0EXf/ghtiZ846lKaE+hZAAXyfA==",
            "content_md5": "335663cf9e858808c2cb4dc272879f45",
            "content_sha1": "9fa389df555eba07e85486ca88d06b0251fa123e",
            "content_sha256": "9a23587a340ca8a1f3df24538db0aab36294a35b0211505344faa98d4d3f3b98",
            "content_sha512": "1490de0592978e91d6aed10d33c4fed70ac05edf721d9b6ed6be3e09614855356b8c163d7d6373e922b2bb7015d045dffe086d899f38ea529a13e8590005f27c",
            "filename": "modules/frontend/script_template",
            "id": "9fa389df555eba07e85486ca88d06b0251fa123e"
          },
          "sensitive_attributes": []
        }
      ]
    },
    {
      "mode": "managed",
      "type": "aws_vpc_endpoint",
      "name": "gateway_endpoints",
      "provider": "provider[\"registry.terraform.io/hashicorp/aws\"]",
      "instances": [
        {
          "index_key": 0,
          "schema_version": 0,
          "attributes": {
            "arn": "arn:aws:ec2:us-east-1:590184132666:vpc-endpoint/vpce-091ff81a2b09b9ad9",
            "auto_accept": null,
            "cidr_blocks": [
              "35.71.70.0/24",
              "3.218.182.0/24",
              "3.218.180.0/23",
              "35.71.68.0/23",
              "52.94.0.0/22",
              "52.119.224.0/20"
            ],
            "dns_entry": [],
            "dns_options": [],
            "id": "vpce-091ff81a2b09b9ad9",
            "ip_address_type": "",
            "network_interface_ids": [],
            "owner_id": "590184132666",
            "policy": "{\"Statement\":[{\"Action\":\"*\",\"Effect\":\"Allow\",\"Principal\":\"*\",\"Resource\":\"*\"}],\"Version\":\"2008-10-17\"}",
            "prefix_list_id": "pl-02cd2c6b",
            "private_dns_enabled": false,
            "requester_managed": false,
            "route_table_ids": [
              "rtb-0b0d60099234811e5"
            ],
            "security_group_ids": [],
            "service_name": "com.amazonaws.us-east-1.dynamodb",
            "state": "available",
            "subnet_configuration": [],
            "subnet_ids": [],
            "tags": {
              "Name": "dynamodbEndpoint"
            },
            "tags_all": {
              "Name": "dynamodbEndpoint"
            },
            "timeouts": null,
            "vpc_endpoint_type": "Gateway",
            "vpc_id": "vpc-0e268b64c65061a65"
          },
          "sensitive_attributes": [],
          "private": "eyJlMmJmYjczMC1lY2FhLTExZTYtOGY4OC0zNDM2M2JjN2M0YzAiOnsiY3JlYXRlIjo2MDAwMDAwMDAwMDAsImRlbGV0ZSI6NjAwMDAwMDAwMDAwLCJ1cGRhdGUiOjYwMDAwMDAwMDAwMH19",
          "dependencies": [
            "module.vpc.aws_vpc.main_vpc",
            "module.vpc.data.aws_route_tables.default"
          ]
        },
        {
          "index_key": 1,
          "schema_version": 0,
          "attributes": {
            "arn": "arn:aws:ec2:us-east-1:590184132666:vpc-endpoint/vpce-0dcd5981cffff701a",
            "auto_accept": null,
            "cidr_blocks": [
              "16.182.0.0/16",
              "18.34.0.0/19",
              "52.216.0.0/15",
              "54.231.0.0/16",
              "3.5.0.0/19",
              "18.34.232.0/21"
            ],
            "dns_entry": [],
            "dns_options": [],
            "id": "vpce-0dcd5981cffff701a",
            "ip_address_type": "",
            "network_interface_ids": [],
            "owner_id": "590184132666",
            "policy": "{\"Statement\":[{\"Action\":\"*\",\"Effect\":\"Allow\",\"Principal\":\"*\",\"Resource\":\"*\"}],\"Version\":\"2008-10-17\"}",
            "prefix_list_id": "pl-63a5400a",
            "private_dns_enabled": false,
            "requester_managed": false,
            "route_table_ids": [
              "rtb-0b0d60099234811e5"
            ],
            "security_group_ids": [],
            "service_name": "com.amazonaws.us-east-1.s3",
            "state": "available",
            "subnet_configuration": [],
            "subnet_ids": [],
            "tags": {
              "Name": "s3Endpoint"
            },
            "tags_all": {
              "Name": "s3Endpoint"
            },
            "timeouts": null,
            "vpc_endpoint_type": "Gateway",
            "vpc_id": "vpc-0e268b64c65061a65"
          },
          "sensitive_attributes": [],
          "private": "eyJlMmJmYjczMC1lY2FhLTExZTYtOGY4OC0zNDM2M2JjN2M0YzAiOnsiY3JlYXRlIjo2MDAwMDAwMDAwMDAsImRlbGV0ZSI6NjAwMDAwMDAwMDAwLCJ1cGRhdGUiOjYwMDAwMDAwMDAwMH19",
          "dependencies": [
            "module.vpc.aws_vpc.main_vpc",
            "module.vpc.data.aws_route_tables.default"
          ]
        }
      ]
    },
    {
      "mode": "managed",
      "type": "local_file",
      "name": "generated_script",
      "provider": "provider[\"registry.terraform.io/hashicorp/local\"]",
      "instances": [
        {
          "schema_version": 0,
          "attributes": {
            "content": "var API_ENDPOINT = \"arn:aws:execute-api:us-east-1:590184132666:k76gaads1f/vacunas\";\n\n// AJAX POST request to save vacuna data\ndocument.getElementById(\"savevacuna\").onclick = function(){\n    var inputData = {\n        \"Vacuna_ID\": $('#Vacuna_ID').val(),\n        \"name\": $('#name').val(),\n        \"Fecha\": $('#Fecha').val(),\n    };\n    $.ajax({\n        url: API_ENDPOINT,\n        type: 'POST',\n        data:  JSON.stringify(inputData),\n        contentType: 'application/json; charset=utf-8',\n        success: function (response) {\n            document.getElementById(\"vacunaSaved\").innerHTML = \"Se salvo la vacuna!\";\n        },\n        error: function () {\n            alert(\"Error saving vacuna data.\");\n        }\n    });\n}\n\n// AJAX GET request to retrieve all vacunas\ndocument.getElementById(\"getvacuna\").onclick = function(){  \n    $.ajax({\n        url: API_ENDPOINT,\n        type: 'GET',\n        contentType: 'application/json; charset=utf-8',\n        success: function (response) {\n            $('#Tabla_Vacunas tr').slice(1).remove();\n            jQuery.each(response, function(i, data) {          \n                $(\"#Tabla_Vacunas\").append(\"\u003ctr\u003e \\\n                    \u003ctd\u003e\" + data['Vacuna_ID'] + \"\u003c/td\u003e \\\n                    \u003ctd\u003e\" + data['name'] + \"\u003c/td\u003e \\\n                    \u003ctd\u003e\" + data['Fecha'] + \"\u003c/td\u003e \\\n                    \u003c/tr\u003e\");\n            });\n        },\n        error: function () {\n            alert(\"Error retrieving vacuna data.\");\n        }\n    });\n}\n",
            "content_base64": null,
            "content_base64sha256": "p5tEnN2imv8eF0tNXwaLF38xeoVzbrIUYO0/FL5KdIA=",
            "content_base64sha512": "ARM+KyCtZYjBo5az8QqNaBSrk1GeHYke0bEN1+PAeQNbhQl076xo4EXQUI+MT30tz+ZqhWSoz9HaCW4RTBkhdA==",
            "content_md5": "515c6939a1ecd7c81b778be6e6bb6d3f",
            "content_sha1": "0fcd1766377be1b5e0a675d8264b118356f9bbb9",
            "content_sha256": "a79b449cdda29aff1e174b4d5f068b177f317a85736eb21460ed3f14be4a7480",
            "content_sha512": "01133e2b20ad6588c1a396b3f10a8d6814ab93519e1d891ed1b10dd7e3c079035b850974efac68e045d0508f8c4f7d2dcfe66a8564a8cfd1da096e114c192174",
            "directory_permission": "0777",
            "file_permission": "0777",
            "filename": "./scripts/generated_script.js",
            "id": "0fcd1766377be1b5e0a675d8264b118356f9bbb9",
            "sensitive_content": null,
            "source": null
          },
          "sensitive_attributes": [
            [
              {
                "type": "get_attr",
                "value": "sensitive_content"
              }
            ]
          ],
          "dependencies": [
            "data.local_file.script_template",
            "module.api_gateway.aws_api_gateway_rest_api.api"
          ]
        }
      ]
    },
    {
      "module": "module.api_gateway",
      "mode": "managed",
      "type": "aws_api_gateway_integration",
      "name": "get_integration",
      "provider": "provider[\"registry.terraform.io/hashicorp/aws\"]",
      "instances": [
        {
          "schema_version": 0,
          "attributes": {
            "cache_key_parameters": [],
            "cache_namespace": "66x6b4",
            "connection_id": "",
            "connection_type": "INTERNET",
            "content_handling": "",
            "credentials": "",
            "http_method": "GET",
            "id": "agi-k76gaads1f-66x6b4-GET",
            "integration_http_method": "POST",
            "passthrough_behavior": "WHEN_NO_MATCH",
            "request_parameters": {},
            "request_templates": {
              "application/json": "{\n  \"statusCode\": 200\n}\n"
            },
            "resource_id": "66x6b4",
            "rest_api_id": "k76gaads1f",
            "timeout_milliseconds": 29000,
            "tls_config": [],
            "type": "AWS_PROXY",
            "uri": "arn:aws:apigateway:us-east-1:lambda:path/2015-03-31/functions/arn:aws:lambda:us-east-1:590184132666:function:GetVacunaFunction/invocations"
          },
          "sensitive_attributes": [],
          "private": "bnVsbA==",
          "dependencies": [
            "data.aws_iam_role.role",
            "data.aws_security_group.default",
            "module.api_gateway.aws_api_gateway_method.get",
            "module.api_gateway.aws_api_gateway_resource.resource",
            "module.api_gateway.aws_api_gateway_rest_api.api",
            "module.lambda_get.aws_lambda_function.lambda_function",
            "module.subnets.aws_subnet.private_subnet_1",
            "module.subnets.aws_subnet.private_subnet_2",
            "module.vpc.aws_vpc.main_vpc"
          ]
        }
      ]
    },
    {
      "module": "module.api_gateway",
      "mode": "managed",
      "type": "aws_api_gateway_integration",
      "name": "post_integration",
      "provider": "provider[\"registry.terraform.io/hashicorp/aws\"]",
      "instances": [
        {
          "schema_version": 0,
          "attributes": {
            "cache_key_parameters": [],
            "cache_namespace": "66x6b4",
            "connection_id": "",
            "connection_type": "INTERNET",
            "content_handling": "",
            "credentials": "",
            "http_method": "POST",
            "id": "agi-k76gaads1f-66x6b4-POST",
            "integration_http_method": "POST",
            "passthrough_behavior": "WHEN_NO_MATCH",
            "request_parameters": {},
            "request_templates": {
              "application/json": "{\n  \"Vacuna_ID\": \"$input.path('$.Vacuna_ID')\",\n  \"name\": \"$input.path('$.name')\",\n  \"Fecha\": \"$input.path('$.Fecha')\"\n}\n"
            },
            "resource_id": "66x6b4",
            "rest_api_id": "k76gaads1f",
            "timeout_milliseconds": 29000,
            "tls_config": [],
            "type": "AWS_PROXY",
            "uri": "arn:aws:apigateway:us-east-1:lambda:path/2015-03-31/functions/arn:aws:lambda:us-east-1:590184132666:function:PostVacunaFunction/invocations"
          },
          "sensitive_attributes": [],
          "private": "bnVsbA==",
          "dependencies": [
            "data.aws_iam_role.role",
            "data.aws_security_group.default",
            "module.api_gateway.aws_api_gateway_method.post",
            "module.api_gateway.aws_api_gateway_resource.resource",
            "module.api_gateway.aws_api_gateway_rest_api.api",
            "module.lambda_post.aws_lambda_function.lambda_function",
            "module.subnets.aws_subnet.private_subnet_1",
            "module.subnets.aws_subnet.private_subnet_2",
            "module.vpc.aws_vpc.main_vpc"
          ]
        }
      ]
    },
    {
      "module": "module.api_gateway",
      "mode": "managed",
      "type": "aws_api_gateway_integration_response",
      "name": "get_integration_response",
      "provider": "provider[\"registry.terraform.io/hashicorp/aws\"]",
      "instances": [
        {
          "schema_version": 0,
          "attributes": {
            "content_handling": "",
            "http_method": "GET",
            "id": "agir-k76gaads1f-66x6b4-GET-200",
            "resource_id": "66x6b4",
            "response_parameters": {
              "method.response.header.Access-Control-Allow-Headers": "'Content-Type,X-Amz-Date,Authorization,X-Api-Key,X-Amz-Security-Token'",
              "method.response.header.Access-Control-Allow-Methods": "'GET,POST'",
              "method.response.header.Access-Control-Allow-Origin": "'*'"
            },
            "response_templates": {
              "application/json": "#set($inputRoot = $input.path('$'))\n{\n  \"statusCode\": 200,\n  \"body\": $inputRoot\n}\n"
            },
            "rest_api_id": "k76gaads1f",
            "selection_pattern": "",
            "status_code": "200"
          },
          "sensitive_attributes": [],
          "private": "bnVsbA==",
          "dependencies": [
            "module.api_gateway.aws_api_gateway_method.get",
            "module.api_gateway.aws_api_gateway_resource.resource",
            "module.api_gateway.aws_api_gateway_rest_api.api"
          ]
        }
      ]
    },
    {
      "module": "module.api_gateway",
      "mode": "managed",
      "type": "aws_api_gateway_integration_response",
      "name": "post_integration_response",
      "provider": "provider[\"registry.terraform.io/hashicorp/aws\"]",
      "instances": [
        {
          "schema_version": 0,
          "attributes": {
            "content_handling": "",
            "http_method": "POST",
            "id": "agir-k76gaads1f-66x6b4-POST-200",
            "resource_id": "66x6b4",
            "response_parameters": {
              "method.response.header.Access-Control-Allow-Headers": "'Content-Type,X-Amz-Date,Authorization,X-Api-Key,X-Amz-Security-Token'",
              "method.response.header.Access-Control-Allow-Methods": "'GET,POST'",
              "method.response.header.Access-Control-Allow-Origin": "'*'"
            },
            "response_templates": {
              "application/json": "#set($inputRoot = $input.path('$'))\n{\n  \"statusCode\": 200,\n  \"body\": $inputRoot\n}\n"
            },
            "rest_api_id": "k76gaads1f",
            "selection_pattern": "",
            "status_code": "200"
          },
          "sensitive_attributes": [],
          "private": "bnVsbA==",
          "dependencies": [
            "module.api_gateway.aws_api_gateway_method.post",
            "module.api_gateway.aws_api_gateway_resource.resource",
            "module.api_gateway.aws_api_gateway_rest_api.api"
          ]
        }
      ]
    },
    {
      "module": "module.api_gateway",
      "mode": "managed",
      "type": "aws_api_gateway_method",
      "name": "get",
      "provider": "provider[\"registry.terraform.io/hashicorp/aws\"]",
      "instances": [
        {
          "schema_version": 0,
          "attributes": {
            "api_key_required": false,
            "authorization": "NONE",
            "authorization_scopes": [],
            "authorizer_id": "",
            "http_method": "GET",
            "id": "agm-k76gaads1f-66x6b4-GET",
            "operation_name": "",
            "request_models": {},
            "request_parameters": {},
            "request_validator_id": "",
            "resource_id": "66x6b4",
            "rest_api_id": "k76gaads1f"
          },
          "sensitive_attributes": [],
          "private": "bnVsbA==",
          "dependencies": [
            "module.api_gateway.aws_api_gateway_resource.resource",
            "module.api_gateway.aws_api_gateway_rest_api.api"
          ]
        }
      ]
    },
    {
      "module": "module.api_gateway",
      "mode": "managed",
      "type": "aws_api_gateway_method",
      "name": "post",
      "provider": "provider[\"registry.terraform.io/hashicorp/aws\"]",
      "instances": [
        {
          "schema_version": 0,
          "attributes": {
            "api_key_required": false,
            "authorization": "NONE",
            "authorization_scopes": [],
            "authorizer_id": "",
            "http_method": "POST",
            "id": "agm-k76gaads1f-66x6b4-POST",
            "operation_name": "",
            "request_models": {},
            "request_parameters": {},
            "request_validator_id": "",
            "resource_id": "66x6b4",
            "rest_api_id": "k76gaads1f"
          },
          "sensitive_attributes": [],
          "private": "bnVsbA==",
          "dependencies": [
            "module.api_gateway.aws_api_gateway_resource.resource",
            "module.api_gateway.aws_api_gateway_rest_api.api"
          ]
        }
      ]
    },
    {
      "module": "module.api_gateway",
      "mode": "managed",
      "type": "aws_api_gateway_method_response",
      "name": "get_response",
      "provider": "provider[\"registry.terraform.io/hashicorp/aws\"]",
      "instances": [
        {
          "schema_version": 0,
          "attributes": {
            "http_method": "GET",
            "id": "agmr-k76gaads1f-66x6b4-GET-200",
            "resource_id": "66x6b4",
            "response_models": {
              "application/json": "Empty"
            },
            "response_parameters": {
              "method.response.header.Access-Control-Allow-Headers": true,
              "method.response.header.Access-Control-Allow-Methods": true,
              "method.response.header.Access-Control-Allow-Origin": true
            },
            "rest_api_id": "k76gaads1f",
            "status_code": "200"
          },
          "sensitive_attributes": [],
          "private": "bnVsbA==",
          "dependencies": [
            "module.api_gateway.aws_api_gateway_method.get",
            "module.api_gateway.aws_api_gateway_resource.resource",
            "module.api_gateway.aws_api_gateway_rest_api.api"
          ]
        }
      ]
    },
    {
      "module": "module.api_gateway",
      "mode": "managed",
      "type": "aws_api_gateway_method_response",
      "name": "post_response",
      "provider": "provider[\"registry.terraform.io/hashicorp/aws\"]",
      "instances": [
        {
          "schema_version": 0,
          "attributes": {
            "http_method": "POST",
            "id": "agmr-k76gaads1f-66x6b4-POST-200",
            "resource_id": "66x6b4",
            "response_models": {
              "application/json": "Empty"
            },
            "response_parameters": {
              "method.response.header.Access-Control-Allow-Headers": true,
              "method.response.header.Access-Control-Allow-Methods": true,
              "method.response.header.Access-Control-Allow-Origin": true
            },
            "rest_api_id": "k76gaads1f",
            "status_code": "200"
          },
          "sensitive_attributes": [],
          "private": "bnVsbA==",
          "dependencies": [
            "module.api_gateway.aws_api_gateway_method.post",
            "module.api_gateway.aws_api_gateway_resource.resource",
            "module.api_gateway.aws_api_gateway_rest_api.api"
          ]
        }
      ]
    },
    {
      "module": "module.api_gateway",
      "mode": "managed",
      "type": "aws_api_gateway_resource",
      "name": "resource",
      "provider": "provider[\"registry.terraform.io/hashicorp/aws\"]",
      "instances": [
        {
          "schema_version": 0,
          "attributes": {
            "id": "66x6b4",
            "parent_id": "19jox2eosg",
            "path": "/vacunas",
            "path_part": "vacunas",
            "rest_api_id": "k76gaads1f"
          },
          "sensitive_attributes": [],
          "private": "bnVsbA==",
          "dependencies": [
            "module.api_gateway.aws_api_gateway_rest_api.api"
          ]
        }
      ]
    },
    {
      "module": "module.api_gateway",
      "mode": "managed",
      "type": "aws_api_gateway_rest_api",
      "name": "api",
      "provider": "provider[\"registry.terraform.io/hashicorp/aws\"]",
      "instances": [
        {
          "schema_version": 0,
          "attributes": {
            "api_key_source": "HEADER",
            "arn": "arn:aws:apigateway:us-east-1::/restapis/k76gaads1f",
            "binary_media_types": [],
            "body": null,
            "created_date": "2024-06-21T21:56:49Z",
            "description": "API Gateway for VacunasAPI",
            "disable_execute_api_endpoint": false,
            "endpoint_configuration": [
              {
                "types": [
                  "EDGE"
                ],
                "vpc_endpoint_ids": []
              }
            ],
            "execution_arn": "arn:aws:execute-api:us-east-1:590184132666:k76gaads1f",
            "fail_on_warnings": null,
            "id": "k76gaads1f",
            "minimum_compression_size": "",
            "name": "VacunasAPI",
            "parameters": null,
            "policy": "",
            "put_rest_api_mode": null,
            "root_resource_id": "19jox2eosg",
            "tags": {},
            "tags_all": {}
          },
          "sensitive_attributes": [],
          "private": "bnVsbA=="
        }
      ]
    },
    {
      "module": "module.dynamodb_table",
      "mode": "managed",
      "type": "aws_dynamodb_table",
      "name": "this",
      "provider": "provider[\"registry.terraform.io/hashicorp/aws\"]",
      "instances": [
        {
          "index_key": 0,
          "schema_version": 1,
          "attributes": {
            "arn": "arn:aws:dynamodb:us-east-1:590184132666:table/Tabla_Vacunas",
            "attribute": [
              {
                "name": "Vacuna_ID",
                "type": "S"
              }
            ],
            "billing_mode": "PAY_PER_REQUEST",
            "deletion_protection_enabled": false,
            "global_secondary_index": [],
            "hash_key": "Vacuna_ID",
            "id": "Tabla_Vacunas",
            "import_table": [],
            "local_secondary_index": [],
            "name": "Tabla_Vacunas",
            "point_in_time_recovery": [
              {
                "enabled": false
              }
            ],
            "range_key": null,
            "read_capacity": 0,
            "replica": [],
            "restore_date_time": null,
            "restore_source_name": null,
            "restore_to_latest_time": null,
            "server_side_encryption": [],
            "stream_arn": "",
            "stream_enabled": false,
            "stream_label": "",
            "stream_view_type": "",
            "table_class": "STANDARD",
            "tags": {
              "Environment": "Dev",
              "Name": "Tabla_Vacunas",
              "Terraform": "true"
            },
            "tags_all": {
              "Environment": "Dev",
              "Name": "Tabla_Vacunas",
              "Terraform": "true"
            },
            "timeouts": {
              "create": "10m",
              "delete": "10m",
              "update": "60m"
            },
            "ttl": [
              {
                "attribute_name": "",
                "enabled": false
              }
            ],
            "write_capacity": 0
          },
          "sensitive_attributes": [],
          "private": "eyJlMmJmYjczMC1lY2FhLTExZTYtOGY4OC0zNDM2M2JjN2M0YzAiOnsiY3JlYXRlIjo2MDAwMDAwMDAwMDAsImRlbGV0ZSI6NjAwMDAwMDAwMDAwLCJ1cGRhdGUiOjM2MDAwMDAwMDAwMDB9LCJzY2hlbWFfdmVyc2lvbiI6IjEifQ=="
        }
      ]
    },
    {
      "module": "module.lambda_get",
      "mode": "data",
      "type": "archive_file",
      "name": "zip_lambda_code",
      "provider": "provider[\"registry.terraform.io/hashicorp/archive\"]",
      "instances": [
        {
          "schema_version": 0,
          "attributes": {
            "exclude_symlink_directories": null,
            "excludes": null,
            "id": "010f2fd2a1b0a709e49ef8c4b901185dc176291d",
            "output_base64sha256": "EPWTKhPCDqk3wv7gVcW+AjvXrfut++9Oi0wXpsw/C7I=",
            "output_base64sha512": "rwKiAS2FlRPpdZ1FaVMpSqZClvq/j+AAqbRM92AZrjWNXyQFr9yaK2hBFiOt9vlWwU2B7yrll55a8pL/GP8amg==",
            "output_file_mode": null,
            "output_md5": "8136feb131635c6371a8bed2c524959b",
            "output_path": "modules/lambda/lambda_get.zip",
            "output_sha": "010f2fd2a1b0a709e49ef8c4b901185dc176291d",
            "output_sha256": "10f5932a13c20ea937c2fee055c5be023bd7adfbadfbef4e8b4c17a6cc3f0bb2",
            "output_sha512": "af02a2012d859513e9759d456953294aa64296fabf8fe000a9b44cf76019ae358d5f2405afdc9a2b68411623adf6f956c14d81ef2ae5979e5af292ff18ff1a9a",
            "output_size": 20171,
            "source": [],
            "source_content": null,
            "source_content_filename": null,
            "source_dir": "./python",
            "source_file": null,
            "type": "zip"
          },
          "sensitive_attributes": []
        }
      ]
    },
    {
      "module": "module.lambda_get",
      "mode": "managed",
      "type": "aws_lambda_function",
      "name": "lambda_function",
      "provider": "provider[\"registry.terraform.io/hashicorp/aws\"]",
      "instances": [
        {
          "schema_version": 0,
          "attributes": {
            "architectures": [
              "x86_64"
            ],
            "arn": "arn:aws:lambda:us-east-1:590184132666:function:GetVacunaFunction",
            "code_sha256": "EPWTKhPCDqk3wv7gVcW+AjvXrfut++9Oi0wXpsw/C7I=",
            "code_signing_config_arn": "",
            "dead_letter_config": [],
            "description": "",
            "environment": [
              {
                "variables": {
                  "TABLE_NAME": "Tabla_Vacunas"
                }
              }
            ],
            "ephemeral_storage": [
              {
                "size": 512
              }
            ],
            "file_system_config": [],
            "filename": "modules/lambda/lambda_get.zip",
            "function_name": "GetVacunaFunction",
            "handler": "lambda_get.lambda_handler",
            "id": "GetVacunaFunction",
            "image_config": [],
            "image_uri": "",
            "invoke_arn": "arn:aws:apigateway:us-east-1:lambda:path/2015-03-31/functions/arn:aws:lambda:us-east-1:590184132666:function:GetVacunaFunction/invocations",
            "kms_key_arn": "",
            "last_modified": "2024-06-21T21:56:55.052+0000",
            "layers": [],
            "logging_config": [
              {
                "application_log_level": "",
                "log_format": "Text",
                "log_group": "/aws/lambda/GetVacunaFunction",
                "system_log_level": ""
              }
            ],
            "memory_size": 128,
            "package_type": "Zip",
            "publish": false,
            "qualified_arn": "arn:aws:lambda:us-east-1:590184132666:function:GetVacunaFunction:$LATEST",
            "qualified_invoke_arn": "arn:aws:apigateway:us-east-1:lambda:path/2015-03-31/functions/arn:aws:lambda:us-east-1:590184132666:function:GetVacunaFunction:$LATEST/invocations",
            "replace_security_groups_on_destroy": null,
            "replacement_security_group_ids": null,
            "reserved_concurrent_executions": -1,
            "role": "arn:aws:iam::590184132666:role/LabRole",
            "runtime": "python3.12",
            "s3_bucket": null,
            "s3_key": null,
            "s3_object_version": null,
            "signing_job_arn": "",
            "signing_profile_version_arn": "",
            "skip_destroy": false,
            "snap_start": [],
            "source_code_hash": "",
            "source_code_size": 20171,
            "tags": {
              "Name": "GetVacunaFunction"
            },
            "tags_all": {
              "Name": "GetVacunaFunction"
            },
            "timeout": 10,
            "timeouts": null,
            "tracing_config": [
              {
                "mode": "PassThrough"
              }
            ],
            "version": "$LATEST",
            "vpc_config": [
              {
                "ipv6_allowed_for_dual_stack": false,
                "security_group_ids": [
                  "sg-0a0f384c228cdaedb"
                ],
                "subnet_ids": [
                  "subnet-0538eda968b3cc4fc",
                  "subnet-0e31c458492dd0172"
                ],
                "vpc_id": "vpc-0e268b64c65061a65"
              }
            ]
          },
          "sensitive_attributes": [],
          "private": "eyJlMmJmYjczMC1lY2FhLTExZTYtOGY4OC0zNDM2M2JjN2M0YzAiOnsiY3JlYXRlIjo2MDAwMDAwMDAwMDAsImRlbGV0ZSI6NjAwMDAwMDAwMDAwLCJ1cGRhdGUiOjYwMDAwMDAwMDAwMH19",
          "dependencies": [
            "data.aws_iam_role.role",
            "data.aws_security_group.default",
            "module.subnets.aws_subnet.private_subnet_1",
            "module.subnets.aws_subnet.private_subnet_2",
            "module.vpc.aws_vpc.main_vpc"
          ]
        }
      ]
    },
    {
      "module": "module.lambda_post",
      "mode": "data",
      "type": "archive_file",
      "name": "zip_lambda_code",
      "provider": "provider[\"registry.terraform.io/hashicorp/archive\"]",
      "instances": [
        {
          "schema_version": 0,
          "attributes": {
            "exclude_symlink_directories": null,
            "excludes": null,
            "id": "010f2fd2a1b0a709e49ef8c4b901185dc176291d",
            "output_base64sha256": "EPWTKhPCDqk3wv7gVcW+AjvXrfut++9Oi0wXpsw/C7I=",
            "output_base64sha512": "rwKiAS2FlRPpdZ1FaVMpSqZClvq/j+AAqbRM92AZrjWNXyQFr9yaK2hBFiOt9vlWwU2B7yrll55a8pL/GP8amg==",
            "output_file_mode": null,
            "output_md5": "8136feb131635c6371a8bed2c524959b",
            "output_path": "modules/lambda/lambda_post.zip",
            "output_sha": "010f2fd2a1b0a709e49ef8c4b901185dc176291d",
            "output_sha256": "10f5932a13c20ea937c2fee055c5be023bd7adfbadfbef4e8b4c17a6cc3f0bb2",
            "output_sha512": "af02a2012d859513e9759d456953294aa64296fabf8fe000a9b44cf76019ae358d5f2405afdc9a2b68411623adf6f956c14d81ef2ae5979e5af292ff18ff1a9a",
            "output_size": 20171,
            "source": [],
            "source_content": null,
            "source_content_filename": null,
            "source_dir": "./python",
            "source_file": null,
            "type": "zip"
          },
          "sensitive_attributes": []
        }
      ]
    },
    {
      "module": "module.lambda_post",
      "mode": "managed",
      "type": "aws_lambda_function",
      "name": "lambda_function",
      "provider": "provider[\"registry.terraform.io/hashicorp/aws\"]",
      "instances": [
        {
          "schema_version": 0,
          "attributes": {
            "architectures": [
              "x86_64"
            ],
            "arn": "arn:aws:lambda:us-east-1:590184132666:function:PostVacunaFunction",
            "code_sha256": "EPWTKhPCDqk3wv7gVcW+AjvXrfut++9Oi0wXpsw/C7I=",
            "code_signing_config_arn": "",
            "dead_letter_config": [],
            "description": "",
            "environment": [
              {
                "variables": {
                  "TABLE_NAME": "Tabla_Vacunas"
                }
              }
            ],
            "ephemeral_storage": [
              {
                "size": 512
              }
            ],
            "file_system_config": [],
            "filename": "modules/lambda/lambda_post.zip",
            "function_name": "PostVacunaFunction",
            "handler": "lambda_post.lambda_handler",
            "id": "PostVacunaFunction",
            "image_config": [],
            "image_uri": "",
            "invoke_arn": "arn:aws:apigateway:us-east-1:lambda:path/2015-03-31/functions/arn:aws:lambda:us-east-1:590184132666:function:PostVacunaFunction/invocations",
            "kms_key_arn": "",
            "last_modified": "2024-06-21T22:00:42.020+0000",
            "layers": [],
            "logging_config": [
              {
                "application_log_level": "",
                "log_format": "Text",
                "log_group": "/aws/lambda/PostVacunaFunction",
                "system_log_level": ""
              }
            ],
            "memory_size": 128,
            "package_type": "Zip",
            "publish": false,
            "qualified_arn": "arn:aws:lambda:us-east-1:590184132666:function:PostVacunaFunction:$LATEST",
            "qualified_invoke_arn": "arn:aws:apigateway:us-east-1:lambda:path/2015-03-31/functions/arn:aws:lambda:us-east-1:590184132666:function:PostVacunaFunction:$LATEST/invocations",
            "replace_security_groups_on_destroy": null,
            "replacement_security_group_ids": null,
            "reserved_concurrent_executions": -1,
            "role": "arn:aws:iam::590184132666:role/LabRole",
            "runtime": "python3.12",
            "s3_bucket": null,
            "s3_key": null,
            "s3_object_version": null,
            "signing_job_arn": "",
            "signing_profile_version_arn": "",
            "skip_destroy": false,
            "snap_start": [],
            "source_code_hash": "",
            "source_code_size": 20171,
            "tags": {
              "Name": "PostVacunaFunction"
            },
            "tags_all": {
              "Name": "PostVacunaFunction"
            },
            "timeout": 10,
            "timeouts": null,
            "tracing_config": [
              {
                "mode": "PassThrough"
              }
            ],
            "version": "$LATEST",
            "vpc_config": [
              {
                "ipv6_allowed_for_dual_stack": false,
                "security_group_ids": [
                  "sg-0a0f384c228cdaedb"
                ],
                "subnet_ids": [
                  "subnet-0538eda968b3cc4fc",
                  "subnet-0e31c458492dd0172"
                ],
                "vpc_id": "vpc-0e268b64c65061a65"
              }
            ]
          },
          "sensitive_attributes": [],
          "private": "eyJlMmJmYjczMC1lY2FhLTExZTYtOGY4OC0zNDM2M2JjN2M0YzAiOnsiY3JlYXRlIjo2MDAwMDAwMDAwMDAsImRlbGV0ZSI6NjAwMDAwMDAwMDAwLCJ1cGRhdGUiOjYwMDAwMDAwMDAwMH19",
          "dependencies": [
            "data.aws_iam_role.role",
            "data.aws_security_group.default",
            "module.subnets.aws_subnet.private_subnet_1",
            "module.subnets.aws_subnet.private_subnet_2",
            "module.vpc.aws_vpc.main_vpc"
          ]
        }
      ]
    },
    {
      "module": "module.subnets",
      "mode": "managed",
      "type": "aws_subnet",
      "name": "private_subnet_1",
      "provider": "provider[\"registry.terraform.io/hashicorp/aws\"]",
      "instances": [
        {
          "schema_version": 1,
          "attributes": {
            "arn": "arn:aws:ec2:us-east-1:590184132666:subnet/subnet-0538eda968b3cc4fc",
            "assign_ipv6_address_on_creation": false,
            "availability_zone": "us-east-1a",
            "availability_zone_id": "use1-az4",
            "cidr_block": "10.0.1.0/24",
            "customer_owned_ipv4_pool": "",
            "enable_dns64": false,
            "enable_lni_at_device_index": 0,
            "enable_resource_name_dns_a_record_on_launch": false,
            "enable_resource_name_dns_aaaa_record_on_launch": false,
            "id": "subnet-0538eda968b3cc4fc",
            "ipv6_cidr_block": "",
            "ipv6_cidr_block_association_id": "",
            "ipv6_native": false,
            "map_customer_owned_ip_on_launch": false,
            "map_public_ip_on_launch": false,
            "outpost_arn": "",
            "owner_id": "590184132666",
            "private_dns_hostname_type_on_launch": "ip-name",
            "tags": {
              "Name": "PrivateSubnet1"
            },
            "tags_all": {
              "Name": "PrivateSubnet1"
            },
            "timeouts": null,
            "vpc_id": "vpc-0e268b64c65061a65"
          },
          "sensitive_attributes": [],
          "private": "eyJlMmJmYjczMC1lY2FhLTExZTYtOGY4OC0zNDM2M2JjN2M0YzAiOnsiY3JlYXRlIjo2MDAwMDAwMDAwMDAsImRlbGV0ZSI6MTIwMDAwMDAwMDAwMH0sInNjaGVtYV92ZXJzaW9uIjoiMSJ9",
          "dependencies": [
            "module.vpc.aws_vpc.main_vpc"
          ]
        }
      ]
    },
    {
      "module": "module.subnets",
      "mode": "managed",
      "type": "aws_subnet",
      "name": "private_subnet_2",
      "provider": "provider[\"registry.terraform.io/hashicorp/aws\"]",
      "instances": [
        {
          "schema_version": 1,
          "attributes": {
            "arn": "arn:aws:ec2:us-east-1:590184132666:subnet/subnet-0e31c458492dd0172",
            "assign_ipv6_address_on_creation": false,
            "availability_zone": "us-east-1b",
            "availability_zone_id": "use1-az6",
            "cidr_block": "10.0.2.0/24",
            "customer_owned_ipv4_pool": "",
            "enable_dns64": false,
            "enable_lni_at_device_index": 0,
            "enable_resource_name_dns_a_record_on_launch": false,
            "enable_resource_name_dns_aaaa_record_on_launch": false,
            "id": "subnet-0e31c458492dd0172",
            "ipv6_cidr_block": "",
            "ipv6_cidr_block_association_id": "",
            "ipv6_native": false,
            "map_customer_owned_ip_on_launch": false,
            "map_public_ip_on_launch": false,
            "outpost_arn": "",
            "owner_id": "590184132666",
            "private_dns_hostname_type_on_launch": "ip-name",
            "tags": {
              "Name": "PrivateSubnet2"
            },
            "tags_all": {
              "Name": "PrivateSubnet2"
            },
            "timeouts": null,
            "vpc_id": "vpc-0e268b64c65061a65"
          },
          "sensitive_attributes": [],
          "private": "eyJlMmJmYjczMC1lY2FhLTExZTYtOGY4OC0zNDM2M2JjN2M0YzAiOnsiY3JlYXRlIjo2MDAwMDAwMDAwMDAsImRlbGV0ZSI6MTIwMDAwMDAwMDAwMH0sInNjaGVtYV92ZXJzaW9uIjoiMSJ9",
          "dependencies": [
            "module.vpc.aws_vpc.main_vpc"
          ]
        }
      ]
    },
    {
      "module": "module.vacunatorio_cloudfront",
      "mode": "managed",
      "type": "aws_cloudfront_distribution",
      "name": "website_distribution",
      "provider": "provider[\"registry.terraform.io/hashicorp/aws\"]",
      "instances": [
        {
          "schema_version": 1,
          "attributes": {
            "aliases": [],
            "arn": "arn:aws:cloudfront::590184132666:distribution/E3DF8HC2ZFKNWM",
            "caller_reference": "terraform-20240621215654538600000003",
            "comment": "CloudFront distribution for my static website",
            "continuous_deployment_policy_id": "",
            "custom_error_response": [],
            "default_cache_behavior": [
              {
                "allowed_methods": [
                  "GET",
                  "HEAD"
                ],
                "cache_policy_id": "",
                "cached_methods": [
                  "GET",
                  "HEAD"
                ],
                "compress": false,
                "default_ttl": 3600,
                "field_level_encryption_id": "",
                "forwarded_values": [
                  {
                    "cookies": [
                      {
                        "forward": "none",
                        "whitelisted_names": []
                      }
                    ],
                    "headers": [],
                    "query_string": false,
                    "query_string_cache_keys": []
                  }
                ],
                "function_association": [],
                "lambda_function_association": [],
                "max_ttl": 86400,
                "min_ttl": 0,
                "origin_request_policy_id": "",
                "realtime_log_config_arn": "",
                "response_headers_policy_id": "",
                "smooth_streaming": false,
                "target_origin_id": "S3-dkmewkdkwe",
                "trusted_key_groups": [],
                "trusted_signers": [],
                "viewer_protocol_policy": "redirect-to-https"
              }
            ],
            "default_root_object": "index.html",
            "domain_name": "dij9hm3qtzeaz.cloudfront.net",
            "enabled": true,
            "etag": "EIKCIYEKUG2A6",
            "hosted_zone_id": "Z2FDTNDATAQYW2",
            "http_version": "http2",
            "id": "E3DF8HC2ZFKNWM",
            "in_progress_validation_batches": 0,
            "is_ipv6_enabled": true,
            "last_modified_time": "2024-06-21 22:03:45.496 +0000 UTC",
            "logging_config": [],
            "ordered_cache_behavior": [],
            "origin": [
              {
                "connection_attempts": 3,
                "connection_timeout": 10,
                "custom_header": [],
                "custom_origin_config": [],
                "domain_name": "dkmewkdkwe.s3.us-east-1.amazonaws.com",
                "origin_access_control_id": "",
                "origin_id": "S3-dkmewkdkwe",
                "origin_path": "",
                "origin_shield": [],
                "s3_origin_config": [
                  {
                    "origin_access_identity": "origin-access-identity/cloudfront/E2UI7Q5JI28557"
                  }
                ]
              }
            ],
            "origin_group": [],
            "price_class": "PriceClass_All",
            "restrictions": [
              {
                "geo_restriction": [
                  {
                    "locations": [],
                    "restriction_type": "none"
                  }
                ]
              }
            ],
            "retain_on_delete": false,
            "staging": false,
            "status": "Deployed",
            "tags": {
              "Name": "CloudFrontDistribution"
            },
            "tags_all": {
              "Name": "CloudFrontDistribution"
            },
            "trusted_key_groups": [
              {
                "enabled": false,
                "items": []
              }
            ],
            "trusted_signers": [
              {
                "enabled": false,
                "items": []
              }
            ],
            "viewer_certificate": [
              {
                "acm_certificate_arn": "",
                "cloudfront_default_certificate": true,
                "iam_certificate_id": "",
                "minimum_protocol_version": "TLSv1",
                "ssl_support_method": ""
              }
            ],
            "wait_for_deployment": true,
            "web_acl_id": ""
          },
          "sensitive_attributes": [],
          "private": "eyJzY2hlbWFfdmVyc2lvbiI6IjEifQ==",
          "dependencies": [
            "module.vacunatorio_cloudfront.aws_cloudfront_origin_access_identity.OAI",
            "module.vacunatorio_s3.aws_s3_bucket.vacunatorio_s3"
          ]
        }
      ]
    },
    {
      "module": "module.vacunatorio_cloudfront",
      "mode": "managed",
      "type": "aws_cloudfront_origin_access_identity",
      "name": "OAI",
      "provider": "provider[\"registry.terraform.io/hashicorp/aws\"]",
      "instances": [
        {
          "schema_version": 0,
          "attributes": {
            "caller_reference": "terraform-20240621203553032000000001",
            "cloudfront_access_identity_path": "origin-access-identity/cloudfront/E2UI7Q5JI28557",
            "comment": "Access Identity for S3 bucket",
            "etag": "E3PZ1MBCRXHDA",
            "iam_arn": "arn:aws:iam::cloudfront:user/CloudFront Origin Access Identity E2UI7Q5JI28557",
            "id": "E2UI7Q5JI28557",
            "s3_canonical_user_id": "edb8cd2a50af815f33f3f1c1251f76c87b3930406f4f189a0f4ab2bce2115eb538663eac0f029e6208f1bee9069b2b47"
          },
          "sensitive_attributes": [],
          "private": "bnVsbA=="
        }
      ]
    },
    {
      "module": "module.vacunatorio_s3",
      "mode": "managed",
      "type": "aws_s3_bucket",
      "name": "vacunatorio_s3",
      "provider": "provider[\"registry.terraform.io/hashicorp/aws\"]",
      "instances": [
        {
          "schema_version": 0,
          "attributes": {
            "acceleration_status": "",
            "acl": null,
            "arn": "arn:aws:s3:::dkmewkdkwe",
            "bucket": "dkmewkdkwe",
            "bucket_domain_name": "dkmewkdkwe.s3.amazonaws.com",
            "bucket_prefix": "",
            "bucket_regional_domain_name": "dkmewkdkwe.s3.us-east-1.amazonaws.com",
            "cors_rule": [],
            "force_destroy": false,
            "grant": [
              {
                "id": "5e378eb58d5317728563a6b03e2708caa8a94f18b1a6cefcb57626200a87f055",
                "permissions": [
                  "FULL_CONTROL"
                ],
                "type": "CanonicalUser",
                "uri": ""
              }
            ],
            "hosted_zone_id": "Z3AQBSTGFYJSTF",
            "id": "dkmewkdkwe",
            "lifecycle_rule": [],
            "logging": [],
            "object_lock_configuration": [],
            "object_lock_enabled": false,
            "policy": "",
            "region": "us-east-1",
            "replication_configuration": [],
            "request_payer": "BucketOwner",
            "server_side_encryption_configuration": [
              {
                "rule": [
                  {
                    "apply_server_side_encryption_by_default": [
                      {
                        "kms_master_key_id": "",
                        "sse_algorithm": "AES256"
                      }
                    ],
                    "bucket_key_enabled": false
                  }
                ]
              }
            ],
            "tags": {
              "Name": "StaticWebsiteBucket"
            },
            "tags_all": {
              "Name": "StaticWebsiteBucket"
            },
            "timeouts": null,
            "versioning": [
              {
                "enabled": false,
                "mfa_delete": false
              }
            ],
            "website": [],
            "website_domain": null,
            "website_endpoint": null
          },
          "sensitive_attributes": [],
          "private": "eyJlMmJmYjczMC1lY2FhLTExZTYtOGY4OC0zNDM2M2JjN2M0YzAiOnsiY3JlYXRlIjoxMjAwMDAwMDAwMDAwLCJkZWxldGUiOjM2MDAwMDAwMDAwMDAsInJlYWQiOjEyMDAwMDAwMDAwMDAsInVwZGF0ZSI6MTIwMDAwMDAwMDAwMH19"
        }
      ]
    },
    {
      "module": "module.vacunatorio_s3",
      "mode": "managed",
      "type": "aws_s3_bucket_policy",
      "name": "website_bucket_policy",
      "provider": "provider[\"registry.terraform.io/hashicorp/aws\"]",
      "instances": [
        {
          "schema_version": 0,
          "attributes": {
            "bucket": "dkmewkdkwe",
            "id": "dkmewkdkwe",
            "policy": "{\"Statement\":[{\"Action\":\"s3:GetObject\",\"Effect\":\"Allow\",\"Principal\":{\"AWS\":\"arn:aws:iam::cloudfront:user/CloudFront Origin Access Identity E2UI7Q5JI28557\"},\"Resource\":\"arn:aws:s3:::dkmewkdkwe/*\"}],\"Version\":\"2012-10-17\"}"
          },
          "sensitive_attributes": [],
          "private": "bnVsbA==",
          "dependencies": [
            "module.vacunatorio_cloudfront.aws_cloudfront_origin_access_identity.OAI",
            "module.vacunatorio_s3.aws_s3_bucket.vacunatorio_s3"
          ]
        }
      ]
    },
    {
      "module": "module.vacunatorio_s3",
      "mode": "managed",
      "type": "aws_s3_bucket_website_configuration",
      "name": "website_bucket_config",
      "provider": "provider[\"registry.terraform.io/hashicorp/aws\"]",
      "instances": [
        {
          "schema_version": 0,
          "attributes": {
            "bucket": "dkmewkdkwe",
            "error_document": [
              {
                "key": "index.html"
              }
            ],
            "expected_bucket_owner": "",
            "id": "dkmewkdkwe",
            "index_document": [
              {
                "suffix": "index.html"
              }
            ],
            "redirect_all_requests_to": [],
            "routing_rule": [],
            "routing_rules": "",
            "website_domain": "s3-website-us-east-1.amazonaws.com",
            "website_endpoint": "dkmewkdkwe.s3-website-us-east-1.amazonaws.com"
          },
          "sensitive_attributes": [],
          "private": "bnVsbA==",
          "dependencies": [
            "module.vacunatorio_s3.aws_s3_bucket.vacunatorio_s3"
          ]
        }
      ]
    },
    {
      "module": "module.vacunatorio_s3",
      "mode": "managed",
      "type": "aws_s3_object",
      "name": "index_html",
      "provider": "provider[\"registry.terraform.io/hashicorp/aws\"]",
      "instances": [
        {
          "schema_version": 0,
          "attributes": {
            "acl": null,
            "arn": "arn:aws:s3:::dkmewkdkwe/index.html",
            "bucket": "dkmewkdkwe",
            "bucket_key_enabled": false,
            "cache_control": "",
            "checksum_algorithm": null,
            "checksum_crc32": "",
            "checksum_crc32c": "",
            "checksum_sha1": "",
            "checksum_sha256": "",
            "content": null,
            "content_base64": null,
            "content_disposition": "",
            "content_encoding": "",
            "content_language": "",
            "content_type": "text/html",
            "etag": "599d8e489e93871a78e1f56ad3601d1c",
            "force_destroy": false,
            "id": "index.html",
            "key": "index.html",
            "kms_key_id": null,
            "metadata": null,
            "object_lock_legal_hold_status": "",
            "object_lock_mode": "",
            "object_lock_retain_until_date": "",
            "override_provider": [],
            "server_side_encryption": "AES256",
            "source": "modules/frontend/index.html",
            "source_hash": null,
            "storage_class": "STANDARD",
            "tags": null,
            "tags_all": {},
            "version_id": "",
            "website_redirect": ""
          },
          "sensitive_attributes": [],
          "private": "bnVsbA==",
          "dependencies": [
            "module.vacunatorio_s3.aws_s3_bucket.vacunatorio_s3"
          ]
        }
      ]
    },
    {
      "module": "module.vacunatorio_s3",
      "mode": "managed",
      "type": "aws_s3_object",
      "name": "scripts_js",
      "provider": "provider[\"registry.terraform.io/hashicorp/aws\"]",
      "instances": [
        {
          "schema_version": 0,
          "attributes": {
            "acl": null,
            "arn": "arn:aws:s3:::dkmewkdkwe/generated_script.js",
            "bucket": "dkmewkdkwe",
            "bucket_key_enabled": false,
            "cache_control": "",
            "checksum_algorithm": null,
            "checksum_crc32": "",
            "checksum_crc32c": "",
            "checksum_sha1": "",
            "checksum_sha256": "",
            "content": null,
            "content_base64": null,
            "content_disposition": "",
            "content_encoding": "",
            "content_language": "",
            "content_type": "application/javascript",
            "etag": "515c6939a1ecd7c81b778be6e6bb6d3f",
            "force_destroy": false,
            "id": "generated_script.js",
            "key": "generated_script.js",
            "kms_key_id": null,
            "metadata": null,
            "object_lock_legal_hold_status": "",
            "object_lock_mode": "",
            "object_lock_retain_until_date": "",
            "override_provider": [],
            "server_side_encryption": "AES256",
            "source": "scripts/generated_script.js",
            "source_hash": null,
            "storage_class": "STANDARD",
            "tags": null,
            "tags_all": {},
            "version_id": "",
            "website_redirect": ""
          },
          "sensitive_attributes": [],
          "private": "bnVsbA==",
          "dependencies": [
            "module.vacunatorio_s3.aws_s3_bucket.vacunatorio_s3"
          ]
        }
      ]
    },
    {
      "module": "module.vpc",
      "mode": "data",
      "type": "aws_route_tables",
      "name": "default",
      "provider": "provider[\"registry.terraform.io/hashicorp/aws\"]",
      "instances": [
        {
          "schema_version": 0,
          "attributes": {
            "filter": [
              {
                "name": "association.main",
                "values": [
                  "true"
                ]
              }
            ],
            "id": "us-east-1",
            "ids": [
              "rtb-0b0d60099234811e5"
            ],
            "tags": null,
            "timeouts": null,
            "vpc_id": "vpc-0e268b64c65061a65"
          },
          "sensitive_attributes": []
        }
      ]
    },
    {
      "module": "module.vpc",
      "mode": "managed",
      "type": "aws_vpc",
      "name": "main_vpc",
      "provider": "provider[\"registry.terraform.io/hashicorp/aws\"]",
      "instances": [
        {
          "schema_version": 1,
          "attributes": {
            "arn": "arn:aws:ec2:us-east-1:590184132666:vpc/vpc-0e268b64c65061a65",
            "assign_generated_ipv6_cidr_block": false,
            "cidr_block": "10.0.0.0/16",
            "default_network_acl_id": "acl-0bbc6ca2446f3dfe2",
            "default_route_table_id": "rtb-0b0d60099234811e5",
            "default_security_group_id": "sg-0a0f384c228cdaedb",
            "dhcp_options_id": "dopt-0769005c7e2ff414b",
            "enable_dns_hostnames": false,
            "enable_dns_support": true,
            "enable_network_address_usage_metrics": false,
            "id": "vpc-0e268b64c65061a65",
            "instance_tenancy": "default",
            "ipv4_ipam_pool_id": null,
            "ipv4_netmask_length": null,
            "ipv6_association_id": "",
            "ipv6_cidr_block": "",
            "ipv6_cidr_block_network_border_group": "",
            "ipv6_ipam_pool_id": "",
            "ipv6_netmask_length": 0,
            "main_route_table_id": "rtb-0b0d60099234811e5",
            "owner_id": "590184132666",
            "tags": {
              "Name": "MainVPC"
            },
            "tags_all": {
              "Name": "MainVPC"
            }
          },
          "sensitive_attributes": [],
          "private": "eyJzY2hlbWFfdmVyc2lvbiI6IjEifQ==",
          "create_before_destroy": true
        }
      ]
    }
  ],
  "check_results": null
}
