{
  "version": 4,
  "terraform_version": "1.8.2",
  "serial": 154,
  "lineage": "8d6f0303-6b0b-9d54-cc90-3546ee258955",
  "outputs": {
    "invoke_url_with_vacunas": {
      "value": "https://booz5o6m67.execute-api.us-east-1.amazonaws.com/prod/vacunas",
      "type": "string"
    }
  },
  "resources": [
    {
      "mode": "data",
      "type": "archive_file",
      "name": "zip_get_lambda_code",
      "provider": "provider[\"registry.terraform.io/hashicorp/archive\"]",
      "instances": [
        {
          "schema_version": 0,
          "attributes": {
            "exclude_symlink_directories": null,
            "excludes": null,
            "id": "af9bd70f5378f969fb93f8bcac8a3ace6eed5173",
            "output_base64sha256": "QO7cKw/JDV3FOh0PDwRNwcm1QhxByVcSW/aaDUX4lDw=",
            "output_base64sha512": "s/uU5W2ANyTEPM7d/IzCTvz/UXZm4dYIVM268iruG7imIRK9CFNQ0yqIP2B8DF4IEgYNHEyGtMWBCG2M++DjPg==",
            "output_file_mode": null,
            "output_md5": "92fbcd1ab1de8e494404e6e903800173",
            "output_path": "./python/lambda_get.zip",
            "output_sha": "af9bd70f5378f969fb93f8bcac8a3ace6eed5173",
            "output_sha256": "40eedc2b0fc90d5dc53a1d0f0f044dc1c9b5421c41c957125bf69a0d45f8943c",
            "output_sha512": "b3fb94e56d803724c43cceddfc8cc24efcff517666e1d60854cdbaf22aee1bb8a62112bd085350d32a883f607c0c5e0812060d1c4c86b4c581086d8cfbe0e33e",
            "output_size": 1135,
            "source": [],
            "source_content": null,
            "source_content_filename": null,
            "source_dir": "./python/",
            "source_file": null,
            "type": "zip"
          },
          "sensitive_attributes": []
        }
      ]
    },
    {
      "mode": "data",
      "type": "archive_file",
      "name": "zip_post_lambda_code",
      "provider": "provider[\"registry.terraform.io/hashicorp/archive\"]",
      "instances": [
        {
          "schema_version": 0,
          "attributes": {
            "exclude_symlink_directories": null,
            "excludes": null,
            "id": "af9bd70f5378f969fb93f8bcac8a3ace6eed5173",
            "output_base64sha256": "QO7cKw/JDV3FOh0PDwRNwcm1QhxByVcSW/aaDUX4lDw=",
            "output_base64sha512": "s/uU5W2ANyTEPM7d/IzCTvz/UXZm4dYIVM268iruG7imIRK9CFNQ0yqIP2B8DF4IEgYNHEyGtMWBCG2M++DjPg==",
            "output_file_mode": null,
            "output_md5": "92fbcd1ab1de8e494404e6e903800173",
            "output_path": "./python/lambda_post.zip",
            "output_sha": "af9bd70f5378f969fb93f8bcac8a3ace6eed5173",
            "output_sha256": "40eedc2b0fc90d5dc53a1d0f0f044dc1c9b5421c41c957125bf69a0d45f8943c",
            "output_sha512": "b3fb94e56d803724c43cceddfc8cc24efcff517666e1d60854cdbaf22aee1bb8a62112bd085350d32a883f607c0c5e0812060d1c4c86b4c581086d8cfbe0e33e",
            "output_size": 1135,
            "source": [],
            "source_content": null,
            "source_content_filename": null,
            "source_dir": "./python/",
            "source_file": null,
            "type": "zip"
          },
          "sensitive_attributes": []
        }
      ]
    },
    {
      "mode": "data",
      "type": "aws_iam_role",
      "name": "role",
      "provider": "provider[\"registry.terraform.io/hashicorp/aws\"]",
      "instances": [
        {
          "schema_version": 0,
          "attributes": {
            "arn": "arn:aws:iam::339712724139:role/LabRole",
            "assume_role_policy": "{\"Version\":\"2012-10-17\",\"Statement\":[{\"Effect\":\"Allow\",\"Principal\":{\"Service\":[\"redshift.amazonaws.com\",\"codedeploy.amazonaws.com\",\"secretsmanager.amazonaws.com\",\"codewhisperer.amazonaws.com\",\"ssm.amazonaws.com\",\"sqs.amazonaws.com\",\"kms.amazonaws.com\",\"cloudformation.amazonaws.com\",\"eks.amazonaws.com\",\"ec2.application-autoscaling.amazonaws.com\",\"cloud9.amazonaws.com\",\"elasticbeanstalk.amazonaws.com\",\"robomaker.amazonaws.com\",\"ecs.amazonaws.com\",\"apigateway.amazonaws.com\",\"batch.amazonaws.com\",\"scheduler.amazonaws.com\",\"credentials.iot.amazonaws.com\",\"resource-groups.amazonaws.com\",\"autoscaling.amazonaws.com\",\"forecast.amazonaws.com\",\"lex.amazonaws.com\",\"iot.amazonaws.com\",\"personalize.amazonaws.com\",\"datapipeline.amazonaws.com\",\"rds.amazonaws.com\",\"cloudfront.amazonaws.com\",\"lambda.amazonaws.com\",\"athena.amazonaws.com\",\"ec2.amazonaws.com\",\"databrew.amazonaws.com\",\"dynamodb.amazonaws.com\",\"servicecatalog.amazonaws.com\",\"backup.amazonaws.com\",\"events.amazonaws.com\",\"application-autoscaling.amazonaws.com\",\"pipes.amazonaws.com\",\"sns.amazonaws.com\",\"rekognition.amazonaws.com\",\"kinesis.amazonaws.com\",\"elasticfilesystem.amazonaws.com\",\"iotanalytics.amazonaws.com\",\"ecs-tasks.amazonaws.com\",\"elasticloadbalancing.amazonaws.com\",\"deepracer.amazonaws.com\",\"states.amazonaws.com\",\"s3.amazonaws.com\",\"cloudtrail.amazonaws.com\",\"eks-fargate-pods.amazonaws.com\",\"cognito-idp.amazonaws.com\",\"storagegateway.amazonaws.com\",\"logs.amazonaws.com\",\"iotevents.amazonaws.com\",\"firehose.amazonaws.com\",\"sagemaker.amazonaws.com\",\"codecommit.amazonaws.com\",\"kinesisanalytics.amazonaws.com\",\"kendra.amazonaws.com\",\"elasticmapreduce.amazonaws.com\",\"glue.amazonaws.com\"],\"AWS\":\"arn:aws:iam::339712724139:role/LabRole\"},\"Action\":\"sts:AssumeRole\"}]}",
            "create_date": "2024-05-29T18:45:15Z",
            "description": "",
            "id": "LabRole",
            "max_session_duration": 3600,
            "name": "LabRole",
            "path": "/",
            "permissions_boundary": "",
            "role_last_used": [
              {
                "last_used_date": "",
                "region": ""
              }
            ],
            "tags": {
              "cloudlab": "c112592a2670371l6254653t1w339712724139"
            },
            "unique_id": "AROAU6GDUZSV4547SWIC6"
          },
          "sensitive_attributes": []
        }
      ]
    },
    {
      "mode": "data",
      "type": "aws_security_group",
      "name": "default",
      "provider": "provider[\"registry.terraform.io/hashicorp/aws\"]",
      "instances": [
        {
          "schema_version": 0,
          "attributes": {
            "arn": "arn:aws:ec2:us-east-1:339712724139:security-group/sg-0b8bf3df31e749b25",
            "description": "default VPC security group",
            "filter": [
              {
                "name": "group-name",
                "values": [
                  "default"
                ]
              }
            ],
            "id": "sg-0b8bf3df31e749b25",
            "name": "default",
            "tags": {},
            "timeouts": null,
            "vpc_id": "vpc-021841995a0147c1e"
          },
          "sensitive_attributes": []
        }
      ]
    },
    {
      "mode": "data",
      "type": "aws_vpc",
      "name": "selected",
      "provider": "provider[\"registry.terraform.io/hashicorp/aws\"]",
      "instances": [
        {
          "schema_version": 0,
          "attributes": {
            "arn": "arn:aws:ec2:us-east-1:339712724139:vpc/vpc-070e6dfcff6d4269c",
            "cidr_block": "172.31.0.0/16",
            "cidr_block_associations": [
              {
                "association_id": "vpc-cidr-assoc-04b585f99f98dcd25",
                "cidr_block": "172.31.0.0/16",
                "state": "associated"
              }
            ],
            "default": true,
            "dhcp_options_id": "dopt-0fac2872b473b7ebc",
            "enable_dns_hostnames": true,
            "enable_dns_support": true,
            "enable_network_address_usage_metrics": false,
            "filter": null,
            "id": "vpc-070e6dfcff6d4269c",
            "instance_tenancy": "default",
            "ipv6_association_id": "",
            "ipv6_cidr_block": "",
            "main_route_table_id": "rtb-0b8f884c9be937638",
            "owner_id": "339712724139",
            "state": null,
            "tags": {},
            "timeouts": null
          },
          "sensitive_attributes": []
        }
      ]
    },
    {
      "mode": "data",
      "type": "local_file",
      "name": "script_template",
      "provider": "provider[\"registry.terraform.io/hashicorp/local\"]",
      "instances": [
        {
          "schema_version": 0,
          "attributes": {
            "content": "// Add your API endpoint here\r\nvar API_ENDPOINT = \"${invoke_url}/vacunas\";\r\n\r\n// AJAX POST request to save vacuna data\r\ndocument.getElementById(\"savevacuna\").onclick = function(){\r\n    var inputData = {\r\n        \"Vacuna_ID\": $('#Vacuna_ID').val(),\r\n        \"name\": $('#name').val(),\r\n        \"Fecha\": $('#Fecha').val(),\r\n    };\r\n    $.ajax({\r\n        url: API_ENDPOINT,\r\n        type: 'POST',\r\n        data:  JSON.stringify(inputData),\r\n        contentType: 'application/json; charset=utf-8',\r\n        success: function (response) {\r\n            document.getElementById(\"vacunaSaved\").innerHTML = \"Se salvo la vacuna!\";\r\n        },\r\n        error: function () {\r\n            alert(\"Error saving vacuna data.\");\r\n        }\r\n    });\r\n}\r\n\r\n// AJAX GET request to retrieve all vacunas\r\ndocument.getElementById(\"getvacuna\").onclick = function(){  \r\n    $.ajax({\r\n        url: API_ENDPOINT,\r\n        type: 'GET',\r\n        contentType: 'application/json; charset=utf-8',\r\n        success: function (response) {\r\n            $('#Tabla_Vacunas tr').slice(1).remove();\r\n            jQuery.each(response, function(i, data) {          \r\n                $(\"#Tabla_Vacunas\").append(\"\u003ctr\u003e \\\r\n                    \u003ctd\u003e\" + data['Vacuna_ID'] + \"\u003c/td\u003e \\\r\n                    \u003ctd\u003e\" + data['name'] + \"\u003c/td\u003e \\\r\n                    \u003ctd\u003e\" + data['Fecha'] + \"\u003c/td\u003e \\\r\n                    \u003c/tr\u003e\");\r\n            });\r\n        },\r\n        error: function () {\r\n            alert(\"Error retrieving vacuna data.\");\r\n        }\r\n    });\r\n}\r\n",
            "content_base64": "Ly8gQWRkIHlvdXIgQVBJIGVuZHBvaW50IGhlcmUNCnZhciBBUElfRU5EUE9JTlQgPSAiJHtpbnZva2VfdXJsfS92YWN1bmFzIjsNCg0KLy8gQUpBWCBQT1NUIHJlcXVlc3QgdG8gc2F2ZSB2YWN1bmEgZGF0YQ0KZG9jdW1lbnQuZ2V0RWxlbWVudEJ5SWQoInNhdmV2YWN1bmEiKS5vbmNsaWNrID0gZnVuY3Rpb24oKXsNCiAgICB2YXIgaW5wdXREYXRhID0gew0KICAgICAgICAiVmFjdW5hX0lEIjogJCgnI1ZhY3VuYV9JRCcpLnZhbCgpLA0KICAgICAgICAibmFtZSI6ICQoJyNuYW1lJykudmFsKCksDQogICAgICAgICJGZWNoYSI6ICQoJyNGZWNoYScpLnZhbCgpLA0KICAgIH07DQogICAgJC5hamF4KHsNCiAgICAgICAgdXJsOiBBUElfRU5EUE9JTlQsDQogICAgICAgIHR5cGU6ICdQT1NUJywNCiAgICAgICAgZGF0YTogIEpTT04uc3RyaW5naWZ5KGlucHV0RGF0YSksDQogICAgICAgIGNvbnRlbnRUeXBlOiAnYXBwbGljYXRpb24vanNvbjsgY2hhcnNldD11dGYtOCcsDQogICAgICAgIHN1Y2Nlc3M6IGZ1bmN0aW9uIChyZXNwb25zZSkgew0KICAgICAgICAgICAgZG9jdW1lbnQuZ2V0RWxlbWVudEJ5SWQoInZhY3VuYVNhdmVkIikuaW5uZXJIVE1MID0gIlNlIHNhbHZvIGxhIHZhY3VuYSEiOw0KICAgICAgICB9LA0KICAgICAgICBlcnJvcjogZnVuY3Rpb24gKCkgew0KICAgICAgICAgICAgYWxlcnQoIkVycm9yIHNhdmluZyB2YWN1bmEgZGF0YS4iKTsNCiAgICAgICAgfQ0KICAgIH0pOw0KfQ0KDQovLyBBSkFYIEdFVCByZXF1ZXN0IHRvIHJldHJpZXZlIGFsbCB2YWN1bmFzDQpkb2N1bWVudC5nZXRFbGVtZW50QnlJZCgiZ2V0dmFjdW5hIikub25jbGljayA9IGZ1bmN0aW9uKCl7ICANCiAgICAkLmFqYXgoew0KICAgICAgICB1cmw6IEFQSV9FTkRQT0lOVCwNCiAgICAgICAgdHlwZTogJ0dFVCcsDQogICAgICAgIGNvbnRlbnRUeXBlOiAnYXBwbGljYXRpb24vanNvbjsgY2hhcnNldD11dGYtOCcsDQogICAgICAgIHN1Y2Nlc3M6IGZ1bmN0aW9uIChyZXNwb25zZSkgew0KICAgICAgICAgICAgJCgnI1RhYmxhX1ZhY3VuYXMgdHInKS5zbGljZSgxKS5yZW1vdmUoKTsNCiAgICAgICAgICAgIGpRdWVyeS5lYWNoKHJlc3BvbnNlLCBmdW5jdGlvbihpLCBkYXRhKSB7ICAgICAgICAgIA0KICAgICAgICAgICAgICAgICQoIiNUYWJsYV9WYWN1bmFzIikuYXBwZW5kKCI8dHI+IFwNCiAgICAgICAgICAgICAgICAgICAgPHRkPiIgKyBkYXRhWydWYWN1bmFfSUQnXSArICI8L3RkPiBcDQogICAgICAgICAgICAgICAgICAgIDx0ZD4iICsgZGF0YVsnbmFtZSddICsgIjwvdGQ+IFwNCiAgICAgICAgICAgICAgICAgICAgPHRkPiIgKyBkYXRhWydGZWNoYSddICsgIjwvdGQ+IFwNCiAgICAgICAgICAgICAgICAgICAgPC90cj4iKTsNCiAgICAgICAgICAgIH0pOw0KICAgICAgICB9LA0KICAgICAgICBlcnJvcjogZnVuY3Rpb24gKCkgew0KICAgICAgICAgICAgYWxlcnQoIkVycm9yIHJldHJpZXZpbmcgdmFjdW5hIGRhdGEuIik7DQogICAgICAgIH0NCiAgICB9KTsNCn0NCg==",
            "content_base64sha256": "/pGkatH9MXY+Blr3+0xeHJOYfVbTPSqywd8Hb/immps=",
            "content_base64sha512": "XfovM9PZh2WLWKZek7EeFyu4iyI3OZB1vDUAScOm+DaAstVC/e09FuL3vrEhAaSIa5wA9MlKx4XB/tcNLjQmww==",
            "content_md5": "700ddc0d167ab34610787faa496165f5",
            "content_sha1": "7a80996e0427eca1c9e035de6f31fefc71386d9e",
            "content_sha256": "fe91a46ad1fd31763e065af7fb4c5e1c93987d56d33d2ab2c1df076ff8a69a9b",
            "content_sha512": "5dfa2f33d3d987658b58a65e93b11e172bb88b2237399075bc350049c3a6f83680b2d542fded3d16e2f7beb12101a4886b9c00f4c94ac785c1fed70d2e3426c3",
            "filename": "./script_template.js",
            "id": "7a80996e0427eca1c9e035de6f31fefc71386d9e"
          },
          "sensitive_attributes": []
        }
      ]
    },
    {
      "mode": "managed",
      "type": "aws_api_gateway_deployment",
      "name": "vacunas_api_deployment",
      "provider": "provider[\"registry.terraform.io/hashicorp/aws\"]",
      "instances": [
        {
          "schema_version": 0,
          "attributes": {
            "canary_settings": [],
            "created_date": "2024-05-29T19:06:37Z",
            "description": "",
            "execution_arn": "arn:aws:execute-api:us-east-1:339712724139:booz5o6m67/prod",
            "id": "ekqpfr",
            "invoke_url": "https://booz5o6m67.execute-api.us-east-1.amazonaws.com/prod",
            "rest_api_id": "booz5o6m67",
            "stage_description": null,
            "stage_name": "prod",
            "triggers": null,
            "variables": null
          },
          "sensitive_attributes": [],
          "private": "bnVsbA==",
          "dependencies": [
            "aws_api_gateway_integration.get_vacunas",
            "aws_api_gateway_integration.post_vacunas",
            "aws_api_gateway_integration_response.get_vacunas_integration_response",
            "aws_api_gateway_integration_response.post_vacunas_integration_response",
            "aws_api_gateway_method.get_vacunas",
            "aws_api_gateway_method.post_vacunas",
            "aws_api_gateway_method_response.get_vacunas_response",
            "aws_api_gateway_method_response.post_vacunas_response",
            "aws_api_gateway_resource.vacunas",
            "aws_api_gateway_rest_api.vacunas_api",
            "aws_lambda_function.get_lambda",
            "aws_lambda_function.post_lambda",
            "aws_subnet.private_subnet_1",
            "aws_subnet.private_subnet_2",
            "aws_vpc.main_vpc",
            "data.aws_iam_role.role",
            "data.aws_security_group.default"
          ]
        }
      ]
    },
    {
      "mode": "managed",
      "type": "aws_api_gateway_integration",
      "name": "get_vacunas",
      "provider": "provider[\"registry.terraform.io/hashicorp/aws\"]",
      "instances": [
        {
          "schema_version": 0,
          "attributes": {
            "cache_key_parameters": [],
            "cache_namespace": "f1zuxf",
            "connection_id": "",
            "connection_type": "INTERNET",
            "content_handling": "",
            "credentials": "",
            "http_method": "GET",
            "id": "agi-booz5o6m67-f1zuxf-GET",
            "integration_http_method": "POST",
            "passthrough_behavior": "WHEN_NO_MATCH",
            "request_parameters": {},
            "request_templates": {
              "application/json": "{\r\n  \"statusCode\": 200\r\n}\r\n"
            },
            "resource_id": "f1zuxf",
            "rest_api_id": "booz5o6m67",
            "timeout_milliseconds": 29000,
            "tls_config": [],
            "type": "AWS",
            "uri": "arn:aws:apigateway:us-east-1:lambda:path/2015-03-31/functions/arn:aws:lambda:us-east-1:339712724139:function:GetVacunaFunction/invocations"
          },
          "sensitive_attributes": [],
          "private": "bnVsbA==",
          "dependencies": [
            "aws_api_gateway_method.get_vacunas",
            "aws_api_gateway_resource.vacunas",
            "aws_api_gateway_rest_api.vacunas_api",
            "aws_lambda_function.get_lambda",
            "aws_subnet.private_subnet_1",
            "aws_subnet.private_subnet_2",
            "aws_vpc.main_vpc",
            "data.aws_iam_role.role",
            "data.aws_security_group.default"
          ]
        }
      ]
    },
    {
      "mode": "managed",
      "type": "aws_api_gateway_integration",
      "name": "post_vacunas",
      "provider": "provider[\"registry.terraform.io/hashicorp/aws\"]",
      "instances": [
        {
          "schema_version": 0,
          "attributes": {
            "cache_key_parameters": [],
            "cache_namespace": "f1zuxf",
            "connection_id": "",
            "connection_type": "INTERNET",
            "content_handling": "",
            "credentials": "",
            "http_method": "POST",
            "id": "agi-booz5o6m67-f1zuxf-POST",
            "integration_http_method": "POST",
            "passthrough_behavior": "WHEN_NO_MATCH",
            "request_parameters": {},
            "request_templates": {
              "application/json": "{\r\n  \"statusCode\": 200\r\n}\r\n"
            },
            "resource_id": "f1zuxf",
            "rest_api_id": "booz5o6m67",
            "timeout_milliseconds": 29000,
            "tls_config": [],
            "type": "AWS",
            "uri": "arn:aws:apigateway:us-east-1:lambda:path/2015-03-31/functions/arn:aws:lambda:us-east-1:339712724139:function:PostVacunaFunction/invocations"
          },
          "sensitive_attributes": [],
          "private": "bnVsbA==",
          "dependencies": [
            "aws_api_gateway_method.post_vacunas",
            "aws_api_gateway_resource.vacunas",
            "aws_api_gateway_rest_api.vacunas_api",
            "aws_lambda_function.post_lambda",
            "aws_subnet.private_subnet_1",
            "aws_subnet.private_subnet_2",
            "aws_vpc.main_vpc",
            "data.aws_iam_role.role",
            "data.aws_security_group.default"
          ]
        }
      ]
    },
    {
      "mode": "managed",
      "type": "aws_api_gateway_integration_response",
      "name": "get_vacunas_integration_response",
      "provider": "provider[\"registry.terraform.io/hashicorp/aws\"]",
      "instances": [
        {
          "schema_version": 0,
          "attributes": {
            "content_handling": "",
            "http_method": "GET",
            "id": "agir-booz5o6m67-f1zuxf-GET-200",
            "resource_id": "f1zuxf",
            "response_parameters": {},
            "response_templates": {
              "application/json": "#set($inputRoot = $input.path('$'))\r\n{\r\n  \"statusCode\": 200,\r\n  \"body\": $inputRoot\r\n}\r\n"
            },
            "rest_api_id": "booz5o6m67",
            "selection_pattern": "",
            "status_code": "200"
          },
          "sensitive_attributes": [],
          "private": "bnVsbA==",
          "dependencies": [
            "aws_api_gateway_integration.get_vacunas",
            "aws_api_gateway_method.get_vacunas",
            "aws_api_gateway_resource.vacunas",
            "aws_api_gateway_rest_api.vacunas_api",
            "aws_lambda_function.get_lambda",
            "aws_subnet.private_subnet_1",
            "aws_subnet.private_subnet_2",
            "aws_vpc.main_vpc",
            "data.aws_iam_role.role",
            "data.aws_security_group.default"
          ]
        }
      ]
    },
    {
      "mode": "managed",
      "type": "aws_api_gateway_integration_response",
      "name": "post_vacunas_integration_response",
      "provider": "provider[\"registry.terraform.io/hashicorp/aws\"]",
      "instances": [
        {
          "schema_version": 0,
          "attributes": {
            "content_handling": "",
            "http_method": "POST",
            "id": "agir-booz5o6m67-f1zuxf-POST-200",
            "resource_id": "f1zuxf",
            "response_parameters": {},
            "response_templates": {
              "application/json": "#set($inputRoot = $input.path('$'))\r\n{\r\n  \"statusCode\": 200,\r\n  \"body\": $inputRoot\r\n}\r\n"
            },
            "rest_api_id": "booz5o6m67",
            "selection_pattern": "",
            "status_code": "200"
          },
          "sensitive_attributes": [],
          "private": "bnVsbA==",
          "dependencies": [
            "aws_api_gateway_integration.post_vacunas",
            "aws_api_gateway_method.post_vacunas",
            "aws_api_gateway_resource.vacunas",
            "aws_api_gateway_rest_api.vacunas_api",
            "aws_lambda_function.post_lambda",
            "aws_subnet.private_subnet_1",
            "aws_subnet.private_subnet_2",
            "aws_vpc.main_vpc",
            "data.aws_iam_role.role",
            "data.aws_security_group.default"
          ]
        }
      ]
    },
    {
      "mode": "managed",
      "type": "aws_api_gateway_method",
      "name": "get_vacunas",
      "provider": "provider[\"registry.terraform.io/hashicorp/aws\"]",
      "instances": [
        {
          "schema_version": 0,
          "attributes": {
            "api_key_required": false,
            "authorization": "NONE",
            "authorization_scopes": [],
            "authorizer_id": "",
            "http_method": "GET",
            "id": "agm-booz5o6m67-f1zuxf-GET",
            "operation_name": "",
            "request_models": {},
            "request_parameters": {},
            "request_validator_id": "",
            "resource_id": "f1zuxf",
            "rest_api_id": "booz5o6m67"
          },
          "sensitive_attributes": [],
          "private": "bnVsbA==",
          "dependencies": [
            "aws_api_gateway_resource.vacunas",
            "aws_api_gateway_rest_api.vacunas_api"
          ]
        }
      ]
    },
    {
      "mode": "managed",
      "type": "aws_api_gateway_method",
      "name": "post_vacunas",
      "provider": "provider[\"registry.terraform.io/hashicorp/aws\"]",
      "instances": [
        {
          "schema_version": 0,
          "attributes": {
            "api_key_required": false,
            "authorization": "NONE",
            "authorization_scopes": [],
            "authorizer_id": "",
            "http_method": "POST",
            "id": "agm-booz5o6m67-f1zuxf-POST",
            "operation_name": "",
            "request_models": {},
            "request_parameters": {},
            "request_validator_id": "",
            "resource_id": "f1zuxf",
            "rest_api_id": "booz5o6m67"
          },
          "sensitive_attributes": [],
          "private": "bnVsbA==",
          "dependencies": [
            "aws_api_gateway_resource.vacunas",
            "aws_api_gateway_rest_api.vacunas_api"
          ]
        }
      ]
    },
    {
      "mode": "managed",
      "type": "aws_api_gateway_method_response",
      "name": "get_vacunas_response",
      "provider": "provider[\"registry.terraform.io/hashicorp/aws\"]",
      "instances": [
        {
          "schema_version": 0,
          "attributes": {
            "http_method": "GET",
            "id": "agmr-booz5o6m67-f1zuxf-GET-200",
            "resource_id": "f1zuxf",
            "response_models": {
              "application/json": "Empty"
            },
            "response_parameters": {},
            "rest_api_id": "booz5o6m67",
            "status_code": "200"
          },
          "sensitive_attributes": [],
          "private": "bnVsbA==",
          "dependencies": [
            "aws_api_gateway_method.get_vacunas",
            "aws_api_gateway_resource.vacunas",
            "aws_api_gateway_rest_api.vacunas_api"
          ]
        }
      ]
    },
    {
      "mode": "managed",
      "type": "aws_api_gateway_method_response",
      "name": "post_vacunas_response",
      "provider": "provider[\"registry.terraform.io/hashicorp/aws\"]",
      "instances": [
        {
          "schema_version": 0,
          "attributes": {
            "http_method": "POST",
            "id": "agmr-booz5o6m67-f1zuxf-POST-200",
            "resource_id": "f1zuxf",
            "response_models": {
              "application/json": "Empty"
            },
            "response_parameters": {},
            "rest_api_id": "booz5o6m67",
            "status_code": "200"
          },
          "sensitive_attributes": [],
          "private": "bnVsbA==",
          "dependencies": [
            "aws_api_gateway_method.post_vacunas",
            "aws_api_gateway_resource.vacunas",
            "aws_api_gateway_rest_api.vacunas_api"
          ]
        }
      ]
    },
    {
      "mode": "managed",
      "type": "aws_api_gateway_resource",
      "name": "vacunas",
      "provider": "provider[\"registry.terraform.io/hashicorp/aws\"]",
      "instances": [
        {
          "schema_version": 0,
          "attributes": {
            "id": "f1zuxf",
            "parent_id": "63ztgtyjej",
            "path": "/vacunas",
            "path_part": "vacunas",
            "rest_api_id": "booz5o6m67"
          },
          "sensitive_attributes": [],
          "private": "bnVsbA==",
          "dependencies": [
            "aws_api_gateway_rest_api.vacunas_api"
          ]
        }
      ]
    },
    {
      "mode": "managed",
      "type": "aws_api_gateway_rest_api",
      "name": "vacunas_api",
      "provider": "provider[\"registry.terraform.io/hashicorp/aws\"]",
      "instances": [
        {
          "schema_version": 0,
          "attributes": {
            "api_key_source": "HEADER",
            "arn": "arn:aws:apigateway:us-east-1::/restapis/booz5o6m67",
            "binary_media_types": [],
            "body": null,
            "created_date": "2024-05-29T19:02:37Z",
            "description": "API Gateway for Vacunas service",
            "disable_execute_api_endpoint": false,
            "endpoint_configuration": [
              {
                "types": [
                  "EDGE"
                ],
                "vpc_endpoint_ids": []
              }
            ],
            "execution_arn": "arn:aws:execute-api:us-east-1:339712724139:booz5o6m67",
            "fail_on_warnings": null,
            "id": "booz5o6m67",
            "minimum_compression_size": "",
            "name": "VacunasAPI",
            "parameters": null,
            "policy": "",
            "put_rest_api_mode": null,
            "root_resource_id": "63ztgtyjej",
            "tags": {},
            "tags_all": {}
          },
          "sensitive_attributes": [],
          "private": "bnVsbA=="
        }
      ]
    },
    {
      "mode": "managed",
      "type": "aws_cloudfront_origin_access_identity",
      "name": "OAI",
      "provider": "provider[\"registry.terraform.io/hashicorp/aws\"]",
      "instances": [
        {
          "schema_version": 0,
          "attributes": {
            "caller_reference": "terraform-20240529190235881800000001",
            "cloudfront_access_identity_path": "origin-access-identity/cloudfront/E3O2ANOIIG5TGI",
            "comment": "Access Identity for S3 bucket",
            "etag": "E3J5QDNNHC45DF",
            "iam_arn": "arn:aws:iam::cloudfront:user/CloudFront Origin Access Identity E3O2ANOIIG5TGI",
            "id": "E3O2ANOIIG5TGI",
            "s3_canonical_user_id": "ef2858a16b9fee0a43702d971caabeeda834f6894ff1113419e17573093584d1dbdfba4537b60927b57cbcf3158e88b7"
          },
          "sensitive_attributes": [],
          "private": "bnVsbA=="
        }
      ]
    },
    {
      "mode": "managed",
      "type": "aws_dynamodb_table",
      "name": "vacunas",
      "provider": "provider[\"registry.terraform.io/hashicorp/aws\"]",
      "instances": [
        {
          "schema_version": 1,
          "attributes": {
            "arn": "arn:aws:dynamodb:us-east-1:339712724139:table/Tabla_Vacunas",
            "attribute": [
              {
                "name": "Vacuna_ID",
                "type": "S"
              }
            ],
            "billing_mode": "PROVISIONED",
            "deletion_protection_enabled": false,
            "global_secondary_index": [],
            "hash_key": "Vacuna_ID",
            "id": "Tabla_Vacunas",
            "import_table": [],
            "local_secondary_index": [],
            "name": "Tabla_Vacunas",
            "point_in_time_recovery": [
              {
                "enabled": false
              }
            ],
            "range_key": null,
            "read_capacity": 5,
            "replica": [],
            "restore_date_time": null,
            "restore_source_name": null,
            "restore_to_latest_time": null,
            "server_side_encryption": [],
            "stream_arn": "",
            "stream_enabled": false,
            "stream_label": "",
            "stream_view_type": "",
            "table_class": "STANDARD",
            "tags": {
              "Environment": "Dev",
              "Name": "VacunasTable"
            },
            "tags_all": {
              "Environment": "Dev",
              "Name": "VacunasTable"
            },
            "timeouts": null,
            "ttl": [
              {
                "attribute_name": "",
                "enabled": false
              }
            ],
            "write_capacity": 5
          },
          "sensitive_attributes": [],
          "private": "eyJlMmJmYjczMC1lY2FhLTExZTYtOGY4OC0zNDM2M2JjN2M0YzAiOnsiY3JlYXRlIjoxODAwMDAwMDAwMDAwLCJkZWxldGUiOjYwMDAwMDAwMDAwMCwidXBkYXRlIjozNjAwMDAwMDAwMDAwfSwic2NoZW1hX3ZlcnNpb24iOiIxIn0="
        }
      ]
    },
    {
      "mode": "managed",
      "type": "aws_lambda_function",
      "name": "get_lambda",
      "provider": "provider[\"registry.terraform.io/hashicorp/aws\"]",
      "instances": [
        {
          "schema_version": 0,
          "attributes": {
            "architectures": [
              "x86_64"
            ],
            "arn": "arn:aws:lambda:us-east-1:339712724139:function:GetVacunaFunction",
            "code_sha256": "iKlHUFCtMgSzJJCn5YKs+N3MpTVz88g8lMv6RzG9kzo=",
            "code_signing_config_arn": "",
            "dead_letter_config": [],
            "description": "",
            "environment": [
              {
                "variables": {
                  "TABLE_NAME": "Tabla_Vacunas"
                }
              }
            ],
            "ephemeral_storage": [
              {
                "size": 512
              }
            ],
            "file_system_config": [],
            "filename": "./python/lambda_get.zip",
            "function_name": "GetVacunaFunction",
            "handler": "lambda_get.lambda_handler",
            "id": "GetVacunaFunction",
            "image_config": [],
            "image_uri": "",
            "invoke_arn": "arn:aws:apigateway:us-east-1:lambda:path/2015-03-31/functions/arn:aws:lambda:us-east-1:339712724139:function:GetVacunaFunction/invocations",
            "kms_key_arn": "",
            "last_modified": "2024-05-29T19:06:36.408+0000",
            "layers": [],
            "logging_config": [
              {
                "application_log_level": "",
                "log_format": "Text",
                "log_group": "/aws/lambda/GetVacunaFunction",
                "system_log_level": ""
              }
            ],
            "memory_size": 128,
            "package_type": "Zip",
            "publish": false,
            "qualified_arn": "arn:aws:lambda:us-east-1:339712724139:function:GetVacunaFunction:$LATEST",
            "qualified_invoke_arn": "arn:aws:apigateway:us-east-1:lambda:path/2015-03-31/functions/arn:aws:lambda:us-east-1:339712724139:function:GetVacunaFunction:$LATEST/invocations",
            "replace_security_groups_on_destroy": null,
            "replacement_security_group_ids": null,
            "reserved_concurrent_executions": -1,
            "role": "arn:aws:iam::339712724139:role/LabRole",
            "runtime": "python3.12",
            "s3_bucket": null,
            "s3_key": null,
            "s3_object_version": null,
            "signing_job_arn": "",
            "signing_profile_version_arn": "",
            "skip_destroy": false,
            "snap_start": [],
            "source_code_hash": "",
            "source_code_size": 1953,
            "tags": {
              "Name": "GetVacunaFunction"
            },
            "tags_all": {
              "Name": "GetVacunaFunction"
            },
            "timeout": 10,
            "timeouts": null,
            "tracing_config": [
              {
                "mode": "PassThrough"
              }
            ],
            "version": "$LATEST",
            "vpc_config": [
              {
                "ipv6_allowed_for_dual_stack": false,
                "security_group_ids": [
                  "sg-0b8bf3df31e749b25"
                ],
                "subnet_ids": [
                  "subnet-013c884cf99929708",
                  "subnet-0fa9a7a699ac0a520"
                ],
                "vpc_id": "vpc-021841995a0147c1e"
              }
            ]
          },
          "sensitive_attributes": [],
          "private": "eyJlMmJmYjczMC1lY2FhLTExZTYtOGY4OC0zNDM2M2JjN2M0YzAiOnsiY3JlYXRlIjo2MDAwMDAwMDAwMDAsImRlbGV0ZSI6NjAwMDAwMDAwMDAwLCJ1cGRhdGUiOjYwMDAwMDAwMDAwMH19",
          "dependencies": [
            "aws_subnet.private_subnet_1",
            "aws_subnet.private_subnet_2",
            "aws_vpc.main_vpc",
            "data.aws_iam_role.role",
            "data.aws_security_group.default"
          ]
        }
      ]
    },
    {
      "mode": "managed",
      "type": "aws_lambda_function",
      "name": "post_lambda",
      "provider": "provider[\"registry.terraform.io/hashicorp/aws\"]",
      "instances": [
        {
          "schema_version": 0,
          "attributes": {
            "architectures": [
              "x86_64"
            ],
            "arn": "arn:aws:lambda:us-east-1:339712724139:function:PostVacunaFunction",
            "code_sha256": "QO7cKw/JDV3FOh0PDwRNwcm1QhxByVcSW/aaDUX4lDw=",
            "code_signing_config_arn": "",
            "dead_letter_config": [],
            "description": "",
            "environment": [
              {
                "variables": {
                  "TABLE_NAME": "Tabla_Vacunas"
                }
              }
            ],
            "ephemeral_storage": [
              {
                "size": 512
              }
            ],
            "file_system_config": [],
            "filename": "./python/lambda_post.zip",
            "function_name": "PostVacunaFunction",
            "handler": "lambda_post.lambda_handler",
            "id": "PostVacunaFunction",
            "image_config": [],
            "image_uri": "",
            "invoke_arn": "arn:aws:apigateway:us-east-1:lambda:path/2015-03-31/functions/arn:aws:lambda:us-east-1:339712724139:function:PostVacunaFunction/invocations",
            "kms_key_arn": "",
            "last_modified": "2024-05-29T19:06:28.675+0000",
            "layers": [],
            "logging_config": [
              {
                "application_log_level": "",
                "log_format": "Text",
                "log_group": "/aws/lambda/PostVacunaFunction",
                "system_log_level": ""
              }
            ],
            "memory_size": 128,
            "package_type": "Zip",
            "publish": false,
            "qualified_arn": "arn:aws:lambda:us-east-1:339712724139:function:PostVacunaFunction:$LATEST",
            "qualified_invoke_arn": "arn:aws:apigateway:us-east-1:lambda:path/2015-03-31/functions/arn:aws:lambda:us-east-1:339712724139:function:PostVacunaFunction:$LATEST/invocations",
            "replace_security_groups_on_destroy": null,
            "replacement_security_group_ids": null,
            "reserved_concurrent_executions": -1,
            "role": "arn:aws:iam::339712724139:role/LabRole",
            "runtime": "python3.12",
            "s3_bucket": null,
            "s3_key": null,
            "s3_object_version": null,
            "signing_job_arn": "",
            "signing_profile_version_arn": "",
            "skip_destroy": false,
            "snap_start": [],
            "source_code_hash": "",
            "source_code_size": 1135,
            "tags": {
              "Name": "PostVacunaFunction"
            },
            "tags_all": {
              "Name": "PostVacunaFunction"
            },
            "timeout": 10,
            "timeouts": null,
            "tracing_config": [
              {
                "mode": "PassThrough"
              }
            ],
            "version": "$LATEST",
            "vpc_config": [
              {
                "ipv6_allowed_for_dual_stack": false,
                "security_group_ids": [
                  "sg-0b8bf3df31e749b25"
                ],
                "subnet_ids": [
                  "subnet-013c884cf99929708",
                  "subnet-0fa9a7a699ac0a520"
                ],
                "vpc_id": "vpc-021841995a0147c1e"
              }
            ]
          },
          "sensitive_attributes": [],
          "private": "eyJlMmJmYjczMC1lY2FhLTExZTYtOGY4OC0zNDM2M2JjN2M0YzAiOnsiY3JlYXRlIjo2MDAwMDAwMDAwMDAsImRlbGV0ZSI6NjAwMDAwMDAwMDAwLCJ1cGRhdGUiOjYwMDAwMDAwMDAwMH19",
          "dependencies": [
            "aws_subnet.private_subnet_1",
            "aws_subnet.private_subnet_2",
            "aws_vpc.main_vpc",
            "data.aws_iam_role.role",
            "data.aws_security_group.default"
          ]
        }
      ]
    },
    {
      "mode": "managed",
      "type": "aws_lambda_permission",
      "name": "api_gateway",
      "provider": "provider[\"registry.terraform.io/hashicorp/aws\"]",
      "instances": [
        {
          "schema_version": 0,
          "attributes": {
            "action": "lambda:InvokeFunction",
            "event_source_token": null,
            "function_name": "PostVacunaFunction",
            "function_url_auth_type": null,
            "id": "AllowAPIGatewayInvoke",
            "principal": "apigateway.amazonaws.com",
            "principal_org_id": null,
            "qualifier": "",
            "source_account": null,
            "source_arn": "arn:aws:execute-api:us-east-1:339712724139:booz5o6m67/*/*",
            "statement_id": "AllowAPIGatewayInvoke",
            "statement_id_prefix": ""
          },
          "sensitive_attributes": [],
          "private": "bnVsbA==",
          "dependencies": [
            "aws_api_gateway_rest_api.vacunas_api",
            "aws_lambda_function.post_lambda",
            "aws_subnet.private_subnet_1",
            "aws_subnet.private_subnet_2",
            "aws_vpc.main_vpc",
            "data.aws_iam_role.role",
            "data.aws_security_group.default"
          ]
        }
      ]
    },
    {
      "mode": "managed",
      "type": "aws_lambda_permission",
      "name": "api_gateway_get",
      "provider": "provider[\"registry.terraform.io/hashicorp/aws\"]",
      "instances": [
        {
          "schema_version": 0,
          "attributes": {
            "action": "lambda:InvokeFunction",
            "event_source_token": null,
            "function_name": "GetVacunaFunction",
            "function_url_auth_type": null,
            "id": "AllowAPIGatewayInvoke",
            "principal": "apigateway.amazonaws.com",
            "principal_org_id": null,
            "qualifier": "",
            "source_account": null,
            "source_arn": "arn:aws:execute-api:us-east-1:339712724139:booz5o6m67/*/*",
            "statement_id": "AllowAPIGatewayInvoke",
            "statement_id_prefix": ""
          },
          "sensitive_attributes": [],
          "private": "bnVsbA==",
          "dependencies": [
            "aws_api_gateway_rest_api.vacunas_api",
            "aws_lambda_function.get_lambda",
            "aws_subnet.private_subnet_1",
            "aws_subnet.private_subnet_2",
            "aws_vpc.main_vpc",
            "data.aws_iam_role.role",
            "data.aws_security_group.default"
          ]
        }
      ]
    },
    {
      "mode": "managed",
      "type": "aws_subnet",
      "name": "private_subnet_1",
      "provider": "provider[\"registry.terraform.io/hashicorp/aws\"]",
      "instances": [
        {
          "schema_version": 1,
          "attributes": {
            "arn": "arn:aws:ec2:us-east-1:339712724139:subnet/subnet-0fa9a7a699ac0a520",
            "assign_ipv6_address_on_creation": false,
            "availability_zone": "us-east-1a",
            "availability_zone_id": "use1-az4",
            "cidr_block": "10.0.1.0/24",
            "customer_owned_ipv4_pool": "",
            "enable_dns64": false,
            "enable_lni_at_device_index": 0,
            "enable_resource_name_dns_a_record_on_launch": false,
            "enable_resource_name_dns_aaaa_record_on_launch": false,
            "id": "subnet-0fa9a7a699ac0a520",
            "ipv6_cidr_block": "",
            "ipv6_cidr_block_association_id": "",
            "ipv6_native": false,
            "map_customer_owned_ip_on_launch": false,
            "map_public_ip_on_launch": false,
            "outpost_arn": "",
            "owner_id": "339712724139",
            "private_dns_hostname_type_on_launch": "ip-name",
            "tags": {
              "Name": "PrivateSubnet1"
            },
            "tags_all": {
              "Name": "PrivateSubnet1"
            },
            "timeouts": null,
            "vpc_id": "vpc-021841995a0147c1e"
          },
          "sensitive_attributes": [],
          "private": "eyJlMmJmYjczMC1lY2FhLTExZTYtOGY4OC0zNDM2M2JjN2M0YzAiOnsiY3JlYXRlIjo2MDAwMDAwMDAwMDAsImRlbGV0ZSI6MTIwMDAwMDAwMDAwMH0sInNjaGVtYV92ZXJzaW9uIjoiMSJ9",
          "dependencies": [
            "aws_vpc.main_vpc"
          ]
        }
      ]
    },
    {
      "mode": "managed",
      "type": "aws_subnet",
      "name": "private_subnet_2",
      "provider": "provider[\"registry.terraform.io/hashicorp/aws\"]",
      "instances": [
        {
          "schema_version": 1,
          "attributes": {
            "arn": "arn:aws:ec2:us-east-1:339712724139:subnet/subnet-013c884cf99929708",
            "assign_ipv6_address_on_creation": false,
            "availability_zone": "us-east-1b",
            "availability_zone_id": "use1-az6",
            "cidr_block": "10.0.2.0/24",
            "customer_owned_ipv4_pool": "",
            "enable_dns64": false,
            "enable_lni_at_device_index": 0,
            "enable_resource_name_dns_a_record_on_launch": false,
            "enable_resource_name_dns_aaaa_record_on_launch": false,
            "id": "subnet-013c884cf99929708",
            "ipv6_cidr_block": "",
            "ipv6_cidr_block_association_id": "",
            "ipv6_native": false,
            "map_customer_owned_ip_on_launch": false,
            "map_public_ip_on_launch": false,
            "outpost_arn": "",
            "owner_id": "339712724139",
            "private_dns_hostname_type_on_launch": "ip-name",
            "tags": {
              "Name": "PrivateSubnet2"
            },
            "tags_all": {
              "Name": "PrivateSubnet2"
            },
            "timeouts": null,
            "vpc_id": "vpc-021841995a0147c1e"
          },
          "sensitive_attributes": [],
          "private": "eyJlMmJmYjczMC1lY2FhLTExZTYtOGY4OC0zNDM2M2JjN2M0YzAiOnsiY3JlYXRlIjo2MDAwMDAwMDAwMDAsImRlbGV0ZSI6MTIwMDAwMDAwMDAwMH0sInNjaGVtYV92ZXJzaW9uIjoiMSJ9",
          "dependencies": [
            "aws_vpc.main_vpc"
          ]
        }
      ]
    },
    {
      "mode": "managed",
      "type": "aws_vpc",
      "name": "main_vpc",
      "provider": "provider[\"registry.terraform.io/hashicorp/aws\"]",
      "instances": [
        {
          "schema_version": 1,
          "attributes": {
            "arn": "arn:aws:ec2:us-east-1:339712724139:vpc/vpc-021841995a0147c1e",
            "assign_generated_ipv6_cidr_block": false,
            "cidr_block": "10.0.0.0/16",
            "default_network_acl_id": "acl-0e143958dee4d37f1",
            "default_route_table_id": "rtb-01994dc2e7ef62f67",
            "default_security_group_id": "sg-0b8bf3df31e749b25",
            "dhcp_options_id": "dopt-0fac2872b473b7ebc",
            "enable_dns_hostnames": false,
            "enable_dns_support": true,
            "enable_network_address_usage_metrics": false,
            "id": "vpc-021841995a0147c1e",
            "instance_tenancy": "default",
            "ipv4_ipam_pool_id": null,
            "ipv4_netmask_length": null,
            "ipv6_association_id": "",
            "ipv6_cidr_block": "",
            "ipv6_cidr_block_network_border_group": "",
            "ipv6_ipam_pool_id": "",
            "ipv6_netmask_length": 0,
            "main_route_table_id": "rtb-01994dc2e7ef62f67",
            "owner_id": "339712724139",
            "tags": {
              "Name": "MainVPC"
            },
            "tags_all": {
              "Name": "MainVPC"
            }
          },
          "sensitive_attributes": [],
          "private": "eyJzY2hlbWFfdmVyc2lvbiI6IjEifQ==",
          "create_before_destroy": true
        }
      ]
    },
    {
      "mode": "managed",
      "type": "aws_vpc_endpoint",
      "name": "gateway_endpoints",
      "provider": "provider[\"registry.terraform.io/hashicorp/aws\"]",
      "instances": [
        {
          "index_key": 0,
          "schema_version": 0,
          "attributes": {
            "arn": "arn:aws:ec2:us-east-1:339712724139:vpc-endpoint/vpce-07c9af18e95f81971",
            "auto_accept": null,
            "cidr_blocks": [
              "35.71.70.0/24",
              "3.218.182.0/24",
              "3.218.180.0/23",
              "35.71.68.0/23",
              "52.94.0.0/22",
              "52.119.224.0/20"
            ],
            "dns_entry": [],
            "dns_options": [],
            "id": "vpce-07c9af18e95f81971",
            "ip_address_type": "",
            "network_interface_ids": [],
            "owner_id": "339712724139",
            "policy": "{\"Statement\":[{\"Action\":\"*\",\"Effect\":\"Allow\",\"Principal\":\"*\",\"Resource\":\"*\"}],\"Version\":\"2008-10-17\"}",
            "prefix_list_id": "pl-02cd2c6b",
            "private_dns_enabled": false,
            "requester_managed": false,
            "route_table_ids": [
              "rtb-01994dc2e7ef62f67"
            ],
            "security_group_ids": [],
            "service_name": "com.amazonaws.us-east-1.dynamodb",
            "state": "available",
            "subnet_ids": [],
            "tags": {
              "Name": "dynamodbEndpoint"
            },
            "tags_all": {
              "Name": "dynamodbEndpoint"
            },
            "timeouts": null,
            "vpc_endpoint_type": "Gateway",
            "vpc_id": "vpc-021841995a0147c1e"
          },
          "sensitive_attributes": [],
          "private": "eyJlMmJmYjczMC1lY2FhLTExZTYtOGY4OC0zNDM2M2JjN2M0YzAiOnsiY3JlYXRlIjo2MDAwMDAwMDAwMDAsImRlbGV0ZSI6NjAwMDAwMDAwMDAwLCJ1cGRhdGUiOjYwMDAwMDAwMDAwMH19",
          "dependencies": [
            "aws_vpc.main_vpc"
          ]
        },
        {
          "index_key": 1,
          "schema_version": 0,
          "attributes": {
            "arn": "arn:aws:ec2:us-east-1:339712724139:vpc-endpoint/vpce-092e4e9eee4f2d9ea",
            "auto_accept": null,
            "cidr_blocks": [
              "16.182.0.0/16",
              "18.34.0.0/19",
              "52.216.0.0/15",
              "54.231.0.0/16",
              "3.5.0.0/19",
              "18.34.232.0/21"
            ],
            "dns_entry": [],
            "dns_options": [],
            "id": "vpce-092e4e9eee4f2d9ea",
            "ip_address_type": "",
            "network_interface_ids": [],
            "owner_id": "339712724139",
            "policy": "{\"Statement\":[{\"Action\":\"*\",\"Effect\":\"Allow\",\"Principal\":\"*\",\"Resource\":\"*\"}],\"Version\":\"2008-10-17\"}",
            "prefix_list_id": "pl-63a5400a",
            "private_dns_enabled": false,
            "requester_managed": false,
            "route_table_ids": [
              "rtb-01994dc2e7ef62f67"
            ],
            "security_group_ids": [],
            "service_name": "com.amazonaws.us-east-1.s3",
            "state": "available",
            "subnet_ids": [],
            "tags": {
              "Name": "s3Endpoint"
            },
            "tags_all": {
              "Name": "s3Endpoint"
            },
            "timeouts": null,
            "vpc_endpoint_type": "Gateway",
            "vpc_id": "vpc-021841995a0147c1e"
          },
          "sensitive_attributes": [],
          "private": "eyJlMmJmYjczMC1lY2FhLTExZTYtOGY4OC0zNDM2M2JjN2M0YzAiOnsiY3JlYXRlIjo2MDAwMDAwMDAwMDAsImRlbGV0ZSI6NjAwMDAwMDAwMDAwLCJ1cGRhdGUiOjYwMDAwMDAwMDAwMH19",
          "dependencies": [
            "aws_vpc.main_vpc"
          ]
        }
      ]
    },
    {
      "mode": "managed",
      "type": "local_file",
      "name": "generated_script",
      "provider": "provider[\"registry.terraform.io/hashicorp/local\"]",
      "instances": [
        {
          "schema_version": 0,
          "attributes": {
            "content": "// Add your API endpoint here\r\nvar API_ENDPOINT = \"https://booz5o6m67.execute-api.us-east-1.amazonaws.com/prod/vacunas\";\r\n\r\n// AJAX POST request to save vacuna data\r\ndocument.getElementById(\"savevacuna\").onclick = function(){\r\n    var inputData = {\r\n        \"Vacuna_ID\": $('#Vacuna_ID').val(),\r\n        \"name\": $('#name').val(),\r\n        \"Fecha\": $('#Fecha').val(),\r\n    };\r\n    $.ajax({\r\n        url: API_ENDPOINT,\r\n        type: 'POST',\r\n        data:  JSON.stringify(inputData),\r\n        contentType: 'application/json; charset=utf-8',\r\n        success: function (response) {\r\n            document.getElementById(\"vacunaSaved\").innerHTML = \"Se salvo la vacuna!\";\r\n        },\r\n        error: function () {\r\n            alert(\"Error saving vacuna data.\");\r\n        }\r\n    });\r\n}\r\n\r\n// AJAX GET request to retrieve all vacunas\r\ndocument.getElementById(\"getvacuna\").onclick = function(){  \r\n    $.ajax({\r\n        url: API_ENDPOINT,\r\n        type: 'GET',\r\n        contentType: 'application/json; charset=utf-8',\r\n        success: function (response) {\r\n            $('#Tabla_Vacunas tr').slice(1).remove();\r\n            jQuery.each(response, function(i, data) {          \r\n                $(\"#Tabla_Vacunas\").append(\"\u003ctr\u003e \\\r\n                    \u003ctd\u003e\" + data['Vacuna_ID'] + \"\u003c/td\u003e \\\r\n                    \u003ctd\u003e\" + data['name'] + \"\u003c/td\u003e \\\r\n                    \u003ctd\u003e\" + data['Fecha'] + \"\u003c/td\u003e \\\r\n                    \u003c/tr\u003e\");\r\n            });\r\n        },\r\n        error: function () {\r\n            alert(\"Error retrieving vacuna data.\");\r\n        }\r\n    });\r\n}\r\n",
            "content_base64": null,
            "content_base64sha256": "2RwItfsTno4WfPeqOlG/YPr7XTJJSE+G8KKql8bX0Fg=",
            "content_base64sha512": "es4RBoxGGe66QKyNvtWtVm/H9oqAoo/8a1+EIBEEamt6Ic7qtrmNjre0uA1L3ExaLUvqlVcxmFqEslpGoql67A==",
            "content_md5": "45c19e03b1239411465c006192fd8aab",
            "content_sha1": "84e3611c032fd9f14bf649d1b270ad9237189c93",
            "content_sha256": "d91c08b5fb139e8e167cf7aa3a51bf60fafb5d3249484f86f0a2aa97c6d7d058",
            "content_sha512": "7ace11068c4619eeba40ac8dbed5ad566fc7f68a80a28ffc6b5f842011046a6b7a21ceeab6b98d8eb7b4b80d4bdc4c5a2d4bea955731985a84b25a46a2a97aec",
            "directory_permission": "0777",
            "file_permission": "0777",
            "filename": "./scripts/generated_script.js",
            "id": "84e3611c032fd9f14bf649d1b270ad9237189c93",
            "sensitive_content": null,
            "source": null
          },
          "sensitive_attributes": [
            [
              {
                "type": "get_attr",
                "value": "sensitive_content"
              }
            ]
          ],
          "dependencies": [
            "aws_api_gateway_deployment.vacunas_api_deployment",
            "aws_api_gateway_integration.get_vacunas",
            "aws_api_gateway_integration.post_vacunas",
            "aws_api_gateway_integration_response.get_vacunas_integration_response",
            "aws_api_gateway_integration_response.post_vacunas_integration_response",
            "aws_api_gateway_method.get_vacunas",
            "aws_api_gateway_method.post_vacunas",
            "aws_api_gateway_method_response.get_vacunas_response",
            "aws_api_gateway_method_response.post_vacunas_response",
            "aws_api_gateway_resource.vacunas",
            "aws_api_gateway_rest_api.vacunas_api",
            "aws_lambda_function.get_lambda",
            "aws_lambda_function.post_lambda",
            "aws_subnet.private_subnet_1",
            "aws_subnet.private_subnet_2",
            "aws_vpc.main_vpc",
            "data.aws_iam_role.role",
            "data.aws_security_group.default",
            "data.local_file.script_template"
          ]
        }
      ]
    }
  ],
  "check_results": null
}
